// !$*UTF8*$!
{
	archiveVersion = 1;
	classes = {
	};
	objectVersion = 46;
	objects = {

/* Begin PBXBuildFile section */
		F70B01A21C7232FC00D46D79 /* main.m in Sources */ = {isa = PBXBuildFile; fileRef = F70B01A11C7232FC00D46D79 /* main.m */; };
		F70B01A51C7232FC00D46D79 /* AppDelegate.m in Sources */ = {isa = PBXBuildFile; fileRef = F70B01A41C7232FC00D46D79 /* AppDelegate.m */; };
		F70B01AD1C7232FC00D46D79 /* Images.xcassets in Resources */ = {isa = PBXBuildFile; fileRef = F70B01AC1C7232FC00D46D79 /* Images.xcassets */; };
		F70B01B01C7232FC00D46D79 /* LaunchScreen.xib in Resources */ = {isa = PBXBuildFile; fileRef = F70B01AE1C7232FC00D46D79 /* LaunchScreen.xib */; };
		F70B01BC1C7232FC00D46D79 /* FoundationTests.m in Sources */ = {isa = PBXBuildFile; fileRef = F70B01BB1C7232FC00D46D79 /* FoundationTests.m */; };
		F73B78961C81375600069EEE /* CommonUtil.m in Sources */ = {isa = PBXBuildFile; fileRef = F73B785E1C81375500069EEE /* CommonUtil.m */; };
		F73B78971C81375600069EEE /* HttpService.m in Sources */ = {isa = PBXBuildFile; fileRef = F73B78611C81375500069EEE /* HttpService.m */; };
		F73B78981C81375600069EEE /* LXButton.m in Sources */ = {isa = PBXBuildFile; fileRef = F73B78631C81375500069EEE /* LXButton.m */; };
		F73B78991C81375600069EEE /* AFHTTPRequestOperation.m in Sources */ = {isa = PBXBuildFile; fileRef = F73B78671C81375500069EEE /* AFHTTPRequestOperation.m */; };
		F73B789A1C81375600069EEE /* AFHTTPRequestOperationManager.m in Sources */ = {isa = PBXBuildFile; fileRef = F73B78691C81375500069EEE /* AFHTTPRequestOperationManager.m */; };
		F73B789B1C81375600069EEE /* AFHTTPSessionManager.m in Sources */ = {isa = PBXBuildFile; fileRef = F73B786B1C81375500069EEE /* AFHTTPSessionManager.m */; };
		F73B789C1C81375600069EEE /* AFNetworkReachabilityManager.m in Sources */ = {isa = PBXBuildFile; fileRef = F73B786E1C81375500069EEE /* AFNetworkReachabilityManager.m */; };
		F73B789D1C81375600069EEE /* AFSecurityPolicy.m in Sources */ = {isa = PBXBuildFile; fileRef = F73B78701C81375500069EEE /* AFSecurityPolicy.m */; };
		F73B789E1C81375600069EEE /* AFURLConnectionOperation.m in Sources */ = {isa = PBXBuildFile; fileRef = F73B78721C81375500069EEE /* AFURLConnectionOperation.m */; };
		F73B789F1C81375600069EEE /* AFURLRequestSerialization.m in Sources */ = {isa = PBXBuildFile; fileRef = F73B78741C81375500069EEE /* AFURLRequestSerialization.m */; };
		F73B78A01C81375600069EEE /* AFURLResponseSerialization.m in Sources */ = {isa = PBXBuildFile; fileRef = F73B78761C81375500069EEE /* AFURLResponseSerialization.m */; };
		F73B78A11C81375600069EEE /* AFURLSessionManager.m in Sources */ = {isa = PBXBuildFile; fileRef = F73B78781C81375500069EEE /* AFURLSessionManager.m */; };
		F73B78A21C81375600069EEE /* MJRefresh.bundle in Resources */ = {isa = PBXBuildFile; fileRef = F73B787A1C81375500069EEE /* MJRefresh.bundle */; };
		F73B78A31C81375600069EEE /* MJRefreshComponent.m in Sources */ = {isa = PBXBuildFile; fileRef = F73B787D1C81375500069EEE /* MJRefreshComponent.m */; };
		F73B78A41C81375600069EEE /* MJRefreshConst.m in Sources */ = {isa = PBXBuildFile; fileRef = F73B787F1C81375500069EEE /* MJRefreshConst.m */; };
		F73B78A51C81375600069EEE /* MJRefreshFooter.m in Sources */ = {isa = PBXBuildFile; fileRef = F73B78811C81375600069EEE /* MJRefreshFooter.m */; };
		F73B78A61C81375600069EEE /* MJRefreshGifFooter.m in Sources */ = {isa = PBXBuildFile; fileRef = F73B78831C81375600069EEE /* MJRefreshGifFooter.m */; };
		F73B78A71C81375600069EEE /* MJRefreshGifHeader.m in Sources */ = {isa = PBXBuildFile; fileRef = F73B78851C81375600069EEE /* MJRefreshGifHeader.m */; };
		F73B78A81C81375600069EEE /* MJRefreshHeader.m in Sources */ = {isa = PBXBuildFile; fileRef = F73B78871C81375600069EEE /* MJRefreshHeader.m */; };
		F73B78A91C81375600069EEE /* MJRefreshLegendFooter.m in Sources */ = {isa = PBXBuildFile; fileRef = F73B78891C81375600069EEE /* MJRefreshLegendFooter.m */; };
		F73B78AA1C81375600069EEE /* MJRefreshLegendHeader.m in Sources */ = {isa = PBXBuildFile; fileRef = F73B788B1C81375600069EEE /* MJRefreshLegendHeader.m */; };
		F73B78AB1C81375600069EEE /* UIScrollView+MJExtension.m in Sources */ = {isa = PBXBuildFile; fileRef = F73B788D1C81375600069EEE /* UIScrollView+MJExtension.m */; };
		F73B78AC1C81375600069EEE /* UIScrollView+MJRefresh.m in Sources */ = {isa = PBXBuildFile; fileRef = F73B788F1C81375600069EEE /* UIScrollView+MJRefresh.m */; };
		F73B78AD1C81375600069EEE /* UIView+MJExtension.m in Sources */ = {isa = PBXBuildFile; fileRef = F73B78911C81375600069EEE /* UIView+MJExtension.m */; };
		F73B78AE1C81375600069EEE /* SVProgressHUD.bundle in Resources */ = {isa = PBXBuildFile; fileRef = F73B78931C81375600069EEE /* SVProgressHUD.bundle */; };
		F73B78AF1C81375600069EEE /* SVProgressHUD.m in Sources */ = {isa = PBXBuildFile; fileRef = F73B78951C81375600069EEE /* SVProgressHUD.m */; };
		F73B78B51C8137B600069EEE /* MainTabBarController.m in Sources */ = {isa = PBXBuildFile; fileRef = F73B78B41C8137B600069EEE /* MainTabBarController.m */; };
		F73B78B81C813DDD00069EEE /* Book.storyboard in Resources */ = {isa = PBXBuildFile; fileRef = F73B78B71C813DDD00069EEE /* Book.storyboard */; };
		F73B78BF1C813E2800069EEE /* Activity.storyboard in Resources */ = {isa = PBXBuildFile; fileRef = F73B78BA1C813E2800069EEE /* Activity.storyboard */; };
		F73B78C01C813E2800069EEE /* Member.storyboard in Resources */ = {isa = PBXBuildFile; fileRef = F73B78BC1C813E2800069EEE /* Member.storyboard */; };
		F73B78C11C813E2800069EEE /* Project.storyboard in Resources */ = {isa = PBXBuildFile; fileRef = F73B78BE1C813E2800069EEE /* Project.storyboard */; };
		F73B78C61C81414900069EEE /* icon_activity_normal@2x.png in Resources */ = {isa = PBXBuildFile; fileRef = F73B78C21C81414900069EEE /* icon_activity_normal@2x.png */; };
		F73B78C71C81414900069EEE /* icon_book_selected@2x.png in Resources */ = {isa = PBXBuildFile; fileRef = F73B78C31C81414900069EEE /* icon_book_selected@2x.png */; };
		F73B78C81C81414900069EEE /* icon_member_normal@2x.png in Resources */ = {isa = PBXBuildFile; fileRef = F73B78C41C81414900069EEE /* icon_member_normal@2x.png */; };
		F73B78C91C81414900069EEE /* icon_project_normal@2x.png in Resources */ = {isa = PBXBuildFile; fileRef = F73B78C51C81414900069EEE /* icon_project_normal@2x.png */; };
		F73B78CE1C81451E00069EEE /* icon_activity_selected@2x.png in Resources */ = {isa = PBXBuildFile; fileRef = F73B78CA1C81451E00069EEE /* icon_activity_selected@2x.png */; };
		F73B78CF1C81451E00069EEE /* icon_book_normal@2x.png in Resources */ = {isa = PBXBuildFile; fileRef = F73B78CB1C81451E00069EEE /* icon_book_normal@2x.png */; };
		F73B78D01C81451E00069EEE /* icon_member_selected@2x.png in Resources */ = {isa = PBXBuildFile; fileRef = F73B78CC1C81451E00069EEE /* icon_member_selected@2x.png */; };
		F73B78D11C81451E00069EEE /* icon_project_selected@2x.png in Resources */ = {isa = PBXBuildFile; fileRef = F73B78CD1C81451E00069EEE /* icon_project_selected@2x.png */; };
		F741A6481C8F38E4008DC72B /* BookTableViewCell.m in Sources */ = {isa = PBXBuildFile; fileRef = F741A6461C8F38E4008DC72B /* BookTableViewCell.m */; };
		F741A6491C8F38E4008DC72B /* BookTableViewCell.xib in Resources */ = {isa = PBXBuildFile; fileRef = F741A6471C8F38E4008DC72B /* BookTableViewCell.xib */; };
		F7B827F51C892DDC00014746 /* Login.storyboard in Resources */ = {isa = PBXBuildFile; fileRef = F7B827F41C892DDC00014746 /* Login.storyboard */; };
		F7B98EAD1C7459FF006ABA71 /* Launch@2x.png in Resources */ = {isa = PBXBuildFile; fileRef = F7B98EAC1C7459FF006ABA71 /* Launch@2x.png */; };
		F7FE50001C892E7F00114B28 /* LoginViewController.m in Sources */ = {isa = PBXBuildFile; fileRef = F7FE4FFF1C892E7F00114B28 /* LoginViewController.m */; };
		F7FE50031C8A762700114B28 /* DateUtil.m in Sources */ = {isa = PBXBuildFile; fileRef = F7FE50021C8A762700114B28 /* DateUtil.m */; };
		F7FE50061C8A76C600114B28 /* StringUtil.m in Sources */ = {isa = PBXBuildFile; fileRef = F7FE50051C8A76C600114B28 /* StringUtil.m */; };
		F7FE50091C8A786800114B28 /* User.m in Sources */ = {isa = PBXBuildFile; fileRef = F7FE50081C8A786700114B28 /* User.m */; };
		F7FE500C1C8A7C8B00114B28 /* BookSearcher.m in Sources */ = {isa = PBXBuildFile; fileRef = F7FE500B1C8A7C8B00114B28 /* BookSearcher.m */; };
		FD47F85A1C8AC26300D0ED07 /* book_thumb@2x.png in Resources */ = {isa = PBXBuildFile; fileRef = FD47F8591C8AC26300D0ED07 /* book_thumb@2x.png */; };
		FD47F85D1C8AC58C00D0ED07 /* Page.m in Sources */ = {isa = PBXBuildFile; fileRef = FD47F85C1C8AC58C00D0ED07 /* Page.m */; };
		FDD02FA61C89C6F3005A3CB8 /* BookDetailViewController.m in Sources */ = {isa = PBXBuildFile; fileRef = FDD02FA51C89C6F3005A3CB8 /* BookDetailViewController.m */; };
		FDE26AAB1C9A3C09003418D5 /* ActivityListViewController.m in Sources */ = {isa = PBXBuildFile; fileRef = FDE26AAA1C9A3C09003418D5 /* ActivityListViewController.m */; };
		FDE26ABA1C9AABA0003418D5 /* link_investor@2x.png in Resources */ = {isa = PBXBuildFile; fileRef = FDE26AB81C9AABA0003418D5 /* link_investor@2x.png */; };
		FDE26ABB1C9AABA0003418D5 /* link_project@2x.png in Resources */ = {isa = PBXBuildFile; fileRef = FDE26AB91C9AABA0003418D5 /* link_project@2x.png */; };
		FDE26ACC1C9BF6EE003418D5 /* MemberTableViewController.m in Sources */ = {isa = PBXBuildFile; fileRef = FDE26ACB1C9BF6EE003418D5 /* MemberTableViewController.m */; };
		FDE26AD51C9BF8B8003418D5 /* person_collect@2x.png in Resources */ = {isa = PBXBuildFile; fileRef = FDE26ACD1C9BF8B8003418D5 /* person_collect@2x.png */; };
		FDE26AD61C9BF8B8003418D5 /* person_event@2x.png in Resources */ = {isa = PBXBuildFile; fileRef = FDE26ACE1C9BF8B8003418D5 /* person_event@2x.png */; };
		FDE26AD71C9BF8B8003418D5 /* person_friends@2x.png in Resources */ = {isa = PBXBuildFile; fileRef = FDE26ACF1C9BF8B8003418D5 /* person_friends@2x.png */; };
		FDE26AD81C9BF8B8003418D5 /* person_msg@2x.png in Resources */ = {isa = PBXBuildFile; fileRef = FDE26AD01C9BF8B8003418D5 /* person_msg@2x.png */; };
		FDE26AD91C9BF8B8003418D5 /* person_note@2x.png in Resources */ = {isa = PBXBuildFile; fileRef = FDE26AD11C9BF8B8003418D5 /* person_note@2x.png */; };
		FDE26ADA1C9BF8B8003418D5 /* person_post@2x.png in Resources */ = {isa = PBXBuildFile; fileRef = FDE26AD21C9BF8B8003418D5 /* person_post@2x.png */; };
		FDE26ADB1C9BF8B8003418D5 /* person_project@2x.png in Resources */ = {isa = PBXBuildFile; fileRef = FDE26AD31C9BF8B8003418D5 /* person_project@2x.png */; };
		FDE26ADC1C9BF8B8003418D5 /* person_setting@2x.png in Resources */ = {isa = PBXBuildFile; fileRef = FDE26AD41C9BF8B8003418D5 /* person_setting@2x.png */; };
		FDE26ADE1C9C287A003418D5 /* app_user_icon@2x.png in Resources */ = {isa = PBXBuildFile; fileRef = FDE26ADD1C9C287A003418D5 /* app_user_icon@2x.png */; };
		FDE26AE51C9C308F003418D5 /* ActivityTableViewCell.m in Sources */ = {isa = PBXBuildFile; fileRef = FDE26AE31C9C308F003418D5 /* ActivityTableViewCell.m */; };
		FDE26AE61C9C308F003418D5 /* ActivityTableViewCell.xib in Resources */ = {isa = PBXBuildFile; fileRef = FDE26AE41C9C308F003418D5 /* ActivityTableViewCell.xib */; };
		FDE26AE81C9C322A003418D5 /* app_failure_img@2x.png in Resources */ = {isa = PBXBuildFile; fileRef = FDE26AE71C9C322A003418D5 /* app_failure_img@2x.png */; };
		FDE26AEB1C9C363A003418D5 /* BasicDynamicTableViewController.m in Sources */ = {isa = PBXBuildFile; fileRef = FDE26AEA1C9C363A003418D5 /* BasicDynamicTableViewController.m */; };
		FDE26AFE1C9C38A0003418D5 /* AFNetworkActivityIndicatorManager.m in Sources */ = {isa = PBXBuildFile; fileRef = FDE26AEE1C9C38A0003418D5 /* AFNetworkActivityIndicatorManager.m */; };
		FDE26AFF1C9C38A0003418D5 /* UIActivityIndicatorView+AFNetworking.m in Sources */ = {isa = PBXBuildFile; fileRef = FDE26AF01C9C38A0003418D5 /* UIActivityIndicatorView+AFNetworking.m */; };
		FDE26B001C9C38A0003418D5 /* UIAlertView+AFNetworking.m in Sources */ = {isa = PBXBuildFile; fileRef = FDE26AF21C9C38A0003418D5 /* UIAlertView+AFNetworking.m */; };
		FDE26B011C9C38A0003418D5 /* UIButton+AFNetworking.m in Sources */ = {isa = PBXBuildFile; fileRef = FDE26AF41C9C38A0003418D5 /* UIButton+AFNetworking.m */; };
		FDE26B021C9C38A0003418D5 /* UIImageView+AFNetworking.m in Sources */ = {isa = PBXBuildFile; fileRef = FDE26AF61C9C38A0003418D5 /* UIImageView+AFNetworking.m */; };
		FDE26B031C9C38A0003418D5 /* UIProgressView+AFNetworking.m in Sources */ = {isa = PBXBuildFile; fileRef = FDE26AF91C9C38A0003418D5 /* UIProgressView+AFNetworking.m */; };
		FDE26B041C9C38A0003418D5 /* UIRefreshControl+AFNetworking.m in Sources */ = {isa = PBXBuildFile; fileRef = FDE26AFB1C9C38A0003418D5 /* UIRefreshControl+AFNetworking.m */; };
		FDE26B051C9C38A0003418D5 /* UIWebView+AFNetworking.m in Sources */ = {isa = PBXBuildFile; fileRef = FDE26AFD1C9C38A0003418D5 /* UIWebView+AFNetworking.m */; };
		FDE2AFDF1C887C2B002238CA /* SpecialTypeTableViewCell.m in Sources */ = {isa = PBXBuildFile; fileRef = FDE2AFDD1C887C2B002238CA /* SpecialTypeTableViewCell.m */; };
		FDE2AFE01C887C2B002238CA /* SpecialTypeTableViewCell.xib in Resources */ = {isa = PBXBuildFile; fileRef = FDE2AFDE1C887C2B002238CA /* SpecialTypeTableViewCell.xib */; };
		FDE2AFE61C887ED2002238CA /* SpecialTypeViewController.m in Sources */ = {isa = PBXBuildFile; fileRef = FDE2AFE51C887ED2002238CA /* SpecialTypeViewController.m */; };
		FDE2AFEA1C887F98002238CA /* BaseTableViewController.m in Sources */ = {isa = PBXBuildFile; fileRef = FDE2AFE91C887F98002238CA /* BaseTableViewController.m */; };
		FDE2AFED1C88872C002238CA /* BaseViewController.m in Sources */ = {isa = PBXBuildFile; fileRef = FDE2AFEC1C88872B002238CA /* BaseViewController.m */; };
		FDE2AFF01C88881A002238CA /* SearchSpBookListViewController.m in Sources */ = {isa = PBXBuildFile; fileRef = FDE2AFEF1C88881A002238CA /* SearchSpBookListViewController.m */; };
		FDE33F091C9FD5E6005C6863 /* BaseTableView.m in Sources */ = {isa = PBXBuildFile; fileRef = FDE33F081C9FD5E6005C6863 /* BaseTableView.m */; };
		FDE33F0C1C9FE993005C6863 /* ProjectListViewController.m in Sources */ = {isa = PBXBuildFile; fileRef = FDE33F0B1C9FE993005C6863 /* ProjectListViewController.m */; };
		FDE33F0F1C9FED31005C6863 /* BaseTableViewDelegate.m in Sources */ = {isa = PBXBuildFile; fileRef = FDE33F0E1C9FED31005C6863 /* BaseTableViewDelegate.m */; };
		FDE33F121C9FEDF9005C6863 /* ProjectTableViewDelegate.m in Sources */ = {isa = PBXBuildFile; fileRef = FDE33F111C9FEDF9005C6863 /* ProjectTableViewDelegate.m */; };
		FDE33F161C9FEF68005C6863 /* ProjectTableViewCell.m in Sources */ = {isa = PBXBuildFile; fileRef = FDE33F141C9FEF68005C6863 /* ProjectTableViewCell.m */; };
		FDE33F171C9FEF68005C6863 /* ProjectTableViewCell.xib in Resources */ = {isa = PBXBuildFile; fileRef = FDE33F151C9FEF68005C6863 /* ProjectTableViewCell.xib */; };
		FDE33F1B1C9FFF8D005C6863 /* BaseImageView.m in Sources */ = {isa = PBXBuildFile; fileRef = FDE33F1A1C9FFF8D005C6863 /* BaseImageView.m */; };
		FDEADC0B1C92AA2D00971DD1 /* icon_community_selected@2x.png in Resources */ = {isa = PBXBuildFile; fileRef = FDEADC051C92AA2D00971DD1 /* icon_community_selected@2x.png */; };
		FDEADC0C1C92AA2D00971DD1 /* icon_about_selected@2x.png in Resources */ = {isa = PBXBuildFile; fileRef = FDEADC061C92AA2D00971DD1 /* icon_about_selected@2x.png */; };
		FDEADC0D1C92AA2D00971DD1 /* icon_content_normal@2x.png in Resources */ = {isa = PBXBuildFile; fileRef = FDEADC071C92AA2D00971DD1 /* icon_content_normal@2x.png */; };
		FDEADC0E1C92AA2D00971DD1 /* icon_about_normal@2x.png in Resources */ = {isa = PBXBuildFile; fileRef = FDEADC081C92AA2D00971DD1 /* icon_about_normal@2x.png */; };
		FDEADC0F1C92AA2D00971DD1 /* icon_community_normal@2x.png in Resources */ = {isa = PBXBuildFile; fileRef = FDEADC091C92AA2D00971DD1 /* icon_community_normal@2x.png */; };
		FDEADC101C92AA2D00971DD1 /* icon_content_selected@2x.png in Resources */ = {isa = PBXBuildFile; fileRef = FDEADC0A1C92AA2D00971DD1 /* icon_content_selected@2x.png */; };
		FDEADC131C92ACEB00971DD1 /* SubTabBarController.m in Sources */ = {isa = PBXBuildFile; fileRef = FDEADC121C92ACEB00971DD1 /* SubTabBarController.m */; };
/* End PBXBuildFile section */

/* Begin PBXContainerItemProxy section */
		F70B01B61C7232FC00D46D79 /* PBXContainerItemProxy */ = {
			isa = PBXContainerItemProxy;
			containerPortal = F70B01941C7232FC00D46D79 /* Project object */;
			proxyType = 1;
			remoteGlobalIDString = F70B019B1C7232FC00D46D79;
			remoteInfo = Foundation;
		};
/* End PBXContainerItemProxy section */

/* Begin PBXFileReference section */
		F70B019C1C7232FC00D46D79 /* Foundation.app */ = {isa = PBXFileReference; explicitFileType = wrapper.application; includeInIndex = 0; path = Foundation.app; sourceTree = BUILT_PRODUCTS_DIR; };
		F70B01A01C7232FC00D46D79 /* Info.plist */ = {isa = PBXFileReference; lastKnownFileType = text.plist.xml; path = Info.plist; sourceTree = "<group>"; };
		F70B01A11C7232FC00D46D79 /* main.m */ = {isa = PBXFileReference; lastKnownFileType = sourcecode.c.objc; path = main.m; sourceTree = "<group>"; };
		F70B01A31C7232FC00D46D79 /* AppDelegate.h */ = {isa = PBXFileReference; lastKnownFileType = sourcecode.c.h; path = AppDelegate.h; sourceTree = "<group>"; };
		F70B01A41C7232FC00D46D79 /* AppDelegate.m */ = {isa = PBXFileReference; lastKnownFileType = sourcecode.c.objc; path = AppDelegate.m; sourceTree = "<group>"; };
		F70B01AC1C7232FC00D46D79 /* Images.xcassets */ = {isa = PBXFileReference; lastKnownFileType = folder.assetcatalog; path = Images.xcassets; sourceTree = "<group>"; };
		F70B01AF1C7232FC00D46D79 /* Base */ = {isa = PBXFileReference; lastKnownFileType = file.xib; name = Base; path = Base.lproj/LaunchScreen.xib; sourceTree = "<group>"; };
		F70B01B51C7232FC00D46D79 /* FoundationTests.xctest */ = {isa = PBXFileReference; explicitFileType = wrapper.cfbundle; includeInIndex = 0; path = FoundationTests.xctest; sourceTree = BUILT_PRODUCTS_DIR; };
		F70B01BA1C7232FC00D46D79 /* Info.plist */ = {isa = PBXFileReference; lastKnownFileType = text.plist.xml; path = Info.plist; sourceTree = "<group>"; };
		F70B01BB1C7232FC00D46D79 /* FoundationTests.m */ = {isa = PBXFileReference; lastKnownFileType = sourcecode.c.objc; path = FoundationTests.m; sourceTree = "<group>"; };
		F73B785D1C81375500069EEE /* CommonUtil.h */ = {isa = PBXFileReference; fileEncoding = 4; lastKnownFileType = sourcecode.c.h; path = CommonUtil.h; sourceTree = "<group>"; };
		F73B785E1C81375500069EEE /* CommonUtil.m */ = {isa = PBXFileReference; fileEncoding = 4; lastKnownFileType = sourcecode.c.objc; path = CommonUtil.m; sourceTree = "<group>"; };
		F73B785F1C81375500069EEE /* Global.h */ = {isa = PBXFileReference; fileEncoding = 4; lastKnownFileType = sourcecode.c.h; path = Global.h; sourceTree = "<group>"; };
		F73B78601C81375500069EEE /* HttpService.h */ = {isa = PBXFileReference; fileEncoding = 4; lastKnownFileType = sourcecode.c.h; path = HttpService.h; sourceTree = "<group>"; };
		F73B78611C81375500069EEE /* HttpService.m */ = {isa = PBXFileReference; fileEncoding = 4; lastKnownFileType = sourcecode.c.objc; path = HttpService.m; sourceTree = "<group>"; };
		F73B78621C81375500069EEE /* LXButton.h */ = {isa = PBXFileReference; fileEncoding = 4; lastKnownFileType = sourcecode.c.h; path = LXButton.h; sourceTree = "<group>"; };
		F73B78631C81375500069EEE /* LXButton.m */ = {isa = PBXFileReference; fileEncoding = 4; lastKnownFileType = sourcecode.c.objc; path = LXButton.m; sourceTree = "<group>"; };
		F73B78661C81375500069EEE /* AFHTTPRequestOperation.h */ = {isa = PBXFileReference; fileEncoding = 4; lastKnownFileType = sourcecode.c.h; path = AFHTTPRequestOperation.h; sourceTree = "<group>"; };
		F73B78671C81375500069EEE /* AFHTTPRequestOperation.m */ = {isa = PBXFileReference; fileEncoding = 4; lastKnownFileType = sourcecode.c.objc; path = AFHTTPRequestOperation.m; sourceTree = "<group>"; };
		F73B78681C81375500069EEE /* AFHTTPRequestOperationManager.h */ = {isa = PBXFileReference; fileEncoding = 4; lastKnownFileType = sourcecode.c.h; path = AFHTTPRequestOperationManager.h; sourceTree = "<group>"; };
		F73B78691C81375500069EEE /* AFHTTPRequestOperationManager.m */ = {isa = PBXFileReference; fileEncoding = 4; lastKnownFileType = sourcecode.c.objc; path = AFHTTPRequestOperationManager.m; sourceTree = "<group>"; };
		F73B786A1C81375500069EEE /* AFHTTPSessionManager.h */ = {isa = PBXFileReference; fileEncoding = 4; lastKnownFileType = sourcecode.c.h; path = AFHTTPSessionManager.h; sourceTree = "<group>"; };
		F73B786B1C81375500069EEE /* AFHTTPSessionManager.m */ = {isa = PBXFileReference; fileEncoding = 4; lastKnownFileType = sourcecode.c.objc; path = AFHTTPSessionManager.m; sourceTree = "<group>"; };
		F73B786C1C81375500069EEE /* AFNetworking.h */ = {isa = PBXFileReference; fileEncoding = 4; lastKnownFileType = sourcecode.c.h; path = AFNetworking.h; sourceTree = "<group>"; };
		F73B786D1C81375500069EEE /* AFNetworkReachabilityManager.h */ = {isa = PBXFileReference; fileEncoding = 4; lastKnownFileType = sourcecode.c.h; path = AFNetworkReachabilityManager.h; sourceTree = "<group>"; };
		F73B786E1C81375500069EEE /* AFNetworkReachabilityManager.m */ = {isa = PBXFileReference; fileEncoding = 4; lastKnownFileType = sourcecode.c.objc; path = AFNetworkReachabilityManager.m; sourceTree = "<group>"; };
		F73B786F1C81375500069EEE /* AFSecurityPolicy.h */ = {isa = PBXFileReference; fileEncoding = 4; lastKnownFileType = sourcecode.c.h; path = AFSecurityPolicy.h; sourceTree = "<group>"; };
		F73B78701C81375500069EEE /* AFSecurityPolicy.m */ = {isa = PBXFileReference; fileEncoding = 4; lastKnownFileType = sourcecode.c.objc; path = AFSecurityPolicy.m; sourceTree = "<group>"; };
		F73B78711C81375500069EEE /* AFURLConnectionOperation.h */ = {isa = PBXFileReference; fileEncoding = 4; lastKnownFileType = sourcecode.c.h; path = AFURLConnectionOperation.h; sourceTree = "<group>"; };
		F73B78721C81375500069EEE /* AFURLConnectionOperation.m */ = {isa = PBXFileReference; fileEncoding = 4; lastKnownFileType = sourcecode.c.objc; path = AFURLConnectionOperation.m; sourceTree = "<group>"; };
		F73B78731C81375500069EEE /* AFURLRequestSerialization.h */ = {isa = PBXFileReference; fileEncoding = 4; lastKnownFileType = sourcecode.c.h; path = AFURLRequestSerialization.h; sourceTree = "<group>"; };
		F73B78741C81375500069EEE /* AFURLRequestSerialization.m */ = {isa = PBXFileReference; fileEncoding = 4; lastKnownFileType = sourcecode.c.objc; path = AFURLRequestSerialization.m; sourceTree = "<group>"; };
		F73B78751C81375500069EEE /* AFURLResponseSerialization.h */ = {isa = PBXFileReference; fileEncoding = 4; lastKnownFileType = sourcecode.c.h; path = AFURLResponseSerialization.h; sourceTree = "<group>"; };
		F73B78761C81375500069EEE /* AFURLResponseSerialization.m */ = {isa = PBXFileReference; fileEncoding = 4; lastKnownFileType = sourcecode.c.objc; path = AFURLResponseSerialization.m; sourceTree = "<group>"; };
		F73B78771C81375500069EEE /* AFURLSessionManager.h */ = {isa = PBXFileReference; fileEncoding = 4; lastKnownFileType = sourcecode.c.h; path = AFURLSessionManager.h; sourceTree = "<group>"; };
		F73B78781C81375500069EEE /* AFURLSessionManager.m */ = {isa = PBXFileReference; fileEncoding = 4; lastKnownFileType = sourcecode.c.objc; path = AFURLSessionManager.m; sourceTree = "<group>"; };
		F73B787A1C81375500069EEE /* MJRefresh.bundle */ = {isa = PBXFileReference; lastKnownFileType = "wrapper.plug-in"; path = MJRefresh.bundle; sourceTree = "<group>"; };
		F73B787B1C81375500069EEE /* MJRefresh.h */ = {isa = PBXFileReference; fileEncoding = 4; lastKnownFileType = sourcecode.c.h; path = MJRefresh.h; sourceTree = "<group>"; };
		F73B787C1C81375500069EEE /* MJRefreshComponent.h */ = {isa = PBXFileReference; fileEncoding = 4; lastKnownFileType = sourcecode.c.h; path = MJRefreshComponent.h; sourceTree = "<group>"; };
		F73B787D1C81375500069EEE /* MJRefreshComponent.m */ = {isa = PBXFileReference; fileEncoding = 4; lastKnownFileType = sourcecode.c.objc; path = MJRefreshComponent.m; sourceTree = "<group>"; };
		F73B787E1C81375500069EEE /* MJRefreshConst.h */ = {isa = PBXFileReference; fileEncoding = 4; lastKnownFileType = sourcecode.c.h; path = MJRefreshConst.h; sourceTree = "<group>"; };
		F73B787F1C81375500069EEE /* MJRefreshConst.m */ = {isa = PBXFileReference; fileEncoding = 4; lastKnownFileType = sourcecode.c.objc; path = MJRefreshConst.m; sourceTree = "<group>"; };
		F73B78801C81375600069EEE /* MJRefreshFooter.h */ = {isa = PBXFileReference; fileEncoding = 4; lastKnownFileType = sourcecode.c.h; path = MJRefreshFooter.h; sourceTree = "<group>"; };
		F73B78811C81375600069EEE /* MJRefreshFooter.m */ = {isa = PBXFileReference; fileEncoding = 4; lastKnownFileType = sourcecode.c.objc; path = MJRefreshFooter.m; sourceTree = "<group>"; };
		F73B78821C81375600069EEE /* MJRefreshGifFooter.h */ = {isa = PBXFileReference; fileEncoding = 4; lastKnownFileType = sourcecode.c.h; path = MJRefreshGifFooter.h; sourceTree = "<group>"; };
		F73B78831C81375600069EEE /* MJRefreshGifFooter.m */ = {isa = PBXFileReference; fileEncoding = 4; lastKnownFileType = sourcecode.c.objc; path = MJRefreshGifFooter.m; sourceTree = "<group>"; };
		F73B78841C81375600069EEE /* MJRefreshGifHeader.h */ = {isa = PBXFileReference; fileEncoding = 4; lastKnownFileType = sourcecode.c.h; path = MJRefreshGifHeader.h; sourceTree = "<group>"; };
		F73B78851C81375600069EEE /* MJRefreshGifHeader.m */ = {isa = PBXFileReference; fileEncoding = 4; lastKnownFileType = sourcecode.c.objc; path = MJRefreshGifHeader.m; sourceTree = "<group>"; };
		F73B78861C81375600069EEE /* MJRefreshHeader.h */ = {isa = PBXFileReference; fileEncoding = 4; lastKnownFileType = sourcecode.c.h; path = MJRefreshHeader.h; sourceTree = "<group>"; };
		F73B78871C81375600069EEE /* MJRefreshHeader.m */ = {isa = PBXFileReference; fileEncoding = 4; lastKnownFileType = sourcecode.c.objc; path = MJRefreshHeader.m; sourceTree = "<group>"; };
		F73B78881C81375600069EEE /* MJRefreshLegendFooter.h */ = {isa = PBXFileReference; fileEncoding = 4; lastKnownFileType = sourcecode.c.h; path = MJRefreshLegendFooter.h; sourceTree = "<group>"; };
		F73B78891C81375600069EEE /* MJRefreshLegendFooter.m */ = {isa = PBXFileReference; fileEncoding = 4; lastKnownFileType = sourcecode.c.objc; path = MJRefreshLegendFooter.m; sourceTree = "<group>"; };
		F73B788A1C81375600069EEE /* MJRefreshLegendHeader.h */ = {isa = PBXFileReference; fileEncoding = 4; lastKnownFileType = sourcecode.c.h; path = MJRefreshLegendHeader.h; sourceTree = "<group>"; };
		F73B788B1C81375600069EEE /* MJRefreshLegendHeader.m */ = {isa = PBXFileReference; fileEncoding = 4; lastKnownFileType = sourcecode.c.objc; path = MJRefreshLegendHeader.m; sourceTree = "<group>"; };
		F73B788C1C81375600069EEE /* UIScrollView+MJExtension.h */ = {isa = PBXFileReference; fileEncoding = 4; lastKnownFileType = sourcecode.c.h; path = "UIScrollView+MJExtension.h"; sourceTree = "<group>"; };
		F73B788D1C81375600069EEE /* UIScrollView+MJExtension.m */ = {isa = PBXFileReference; fileEncoding = 4; lastKnownFileType = sourcecode.c.objc; path = "UIScrollView+MJExtension.m"; sourceTree = "<group>"; };
		F73B788E1C81375600069EEE /* UIScrollView+MJRefresh.h */ = {isa = PBXFileReference; fileEncoding = 4; lastKnownFileType = sourcecode.c.h; path = "UIScrollView+MJRefresh.h"; sourceTree = "<group>"; };
		F73B788F1C81375600069EEE /* UIScrollView+MJRefresh.m */ = {isa = PBXFileReference; fileEncoding = 4; lastKnownFileType = sourcecode.c.objc; path = "UIScrollView+MJRefresh.m"; sourceTree = "<group>"; };
		F73B78901C81375600069EEE /* UIView+MJExtension.h */ = {isa = PBXFileReference; fileEncoding = 4; lastKnownFileType = sourcecode.c.h; path = "UIView+MJExtension.h"; sourceTree = "<group>"; };
		F73B78911C81375600069EEE /* UIView+MJExtension.m */ = {isa = PBXFileReference; fileEncoding = 4; lastKnownFileType = sourcecode.c.objc; path = "UIView+MJExtension.m"; sourceTree = "<group>"; };
		F73B78931C81375600069EEE /* SVProgressHUD.bundle */ = {isa = PBXFileReference; lastKnownFileType = "wrapper.plug-in"; path = SVProgressHUD.bundle; sourceTree = "<group>"; };
		F73B78941C81375600069EEE /* SVProgressHUD.h */ = {isa = PBXFileReference; fileEncoding = 4; lastKnownFileType = sourcecode.c.h; path = SVProgressHUD.h; sourceTree = "<group>"; };
		F73B78951C81375600069EEE /* SVProgressHUD.m */ = {isa = PBXFileReference; fileEncoding = 4; lastKnownFileType = sourcecode.c.objc; path = SVProgressHUD.m; sourceTree = "<group>"; };
		F73B78B31C8137B600069EEE /* MainTabBarController.h */ = {isa = PBXFileReference; fileEncoding = 4; lastKnownFileType = sourcecode.c.h; path = MainTabBarController.h; sourceTree = "<group>"; };
		F73B78B41C8137B600069EEE /* MainTabBarController.m */ = {isa = PBXFileReference; fileEncoding = 4; lastKnownFileType = sourcecode.c.objc; path = MainTabBarController.m; sourceTree = "<group>"; };
		F73B78B71C813DDD00069EEE /* Book.storyboard */ = {isa = PBXFileReference; fileEncoding = 4; lastKnownFileType = file.storyboard; path = Book.storyboard; sourceTree = "<group>"; };
		F73B78BA1C813E2800069EEE /* Activity.storyboard */ = {isa = PBXFileReference; fileEncoding = 4; lastKnownFileType = file.storyboard; path = Activity.storyboard; sourceTree = "<group>"; };
		F73B78BC1C813E2800069EEE /* Member.storyboard */ = {isa = PBXFileReference; fileEncoding = 4; lastKnownFileType = file.storyboard; path = Member.storyboard; sourceTree = "<group>"; };
		F73B78BE1C813E2800069EEE /* Project.storyboard */ = {isa = PBXFileReference; fileEncoding = 4; lastKnownFileType = file.storyboard; path = Project.storyboard; sourceTree = "<group>"; };
		F73B78C21C81414900069EEE /* icon_activity_normal@2x.png */ = {isa = PBXFileReference; lastKnownFileType = image.png; path = "icon_activity_normal@2x.png"; sourceTree = "<group>"; };
		F73B78C31C81414900069EEE /* icon_book_selected@2x.png */ = {isa = PBXFileReference; lastKnownFileType = image.png; path = "icon_book_selected@2x.png"; sourceTree = "<group>"; };
		F73B78C41C81414900069EEE /* icon_member_normal@2x.png */ = {isa = PBXFileReference; lastKnownFileType = image.png; path = "icon_member_normal@2x.png"; sourceTree = "<group>"; };
		F73B78C51C81414900069EEE /* icon_project_normal@2x.png */ = {isa = PBXFileReference; lastKnownFileType = image.png; path = "icon_project_normal@2x.png"; sourceTree = "<group>"; };
		F73B78CA1C81451E00069EEE /* icon_activity_selected@2x.png */ = {isa = PBXFileReference; lastKnownFileType = image.png; path = "icon_activity_selected@2x.png"; sourceTree = "<group>"; };
		F73B78CB1C81451E00069EEE /* icon_book_normal@2x.png */ = {isa = PBXFileReference; lastKnownFileType = image.png; path = "icon_book_normal@2x.png"; sourceTree = "<group>"; };
		F73B78CC1C81451E00069EEE /* icon_member_selected@2x.png */ = {isa = PBXFileReference; lastKnownFileType = image.png; path = "icon_member_selected@2x.png"; sourceTree = "<group>"; };
		F73B78CD1C81451E00069EEE /* icon_project_selected@2x.png */ = {isa = PBXFileReference; lastKnownFileType = image.png; path = "icon_project_selected@2x.png"; sourceTree = "<group>"; };
		F741A6451C8F38E4008DC72B /* BookTableViewCell.h */ = {isa = PBXFileReference; fileEncoding = 4; lastKnownFileType = sourcecode.c.h; path = BookTableViewCell.h; sourceTree = "<group>"; };
		F741A6461C8F38E4008DC72B /* BookTableViewCell.m */ = {isa = PBXFileReference; fileEncoding = 4; lastKnownFileType = sourcecode.c.objc; path = BookTableViewCell.m; sourceTree = "<group>"; };
		F741A6471C8F38E4008DC72B /* BookTableViewCell.xib */ = {isa = PBXFileReference; fileEncoding = 4; lastKnownFileType = file.xib; path = BookTableViewCell.xib; sourceTree = "<group>"; };
		F7B827F41C892DDC00014746 /* Login.storyboard */ = {isa = PBXFileReference; fileEncoding = 4; lastKnownFileType = file.storyboard; path = Login.storyboard; sourceTree = "<group>"; };
		F7B98EAC1C7459FF006ABA71 /* Launch@2x.png */ = {isa = PBXFileReference; lastKnownFileType = image.png; path = "Launch@2x.png"; sourceTree = "<group>"; };
		F7FE4FFE1C892E7F00114B28 /* LoginViewController.h */ = {isa = PBXFileReference; fileEncoding = 4; lastKnownFileType = sourcecode.c.h; path = LoginViewController.h; sourceTree = "<group>"; };
		F7FE4FFF1C892E7F00114B28 /* LoginViewController.m */ = {isa = PBXFileReference; fileEncoding = 4; lastKnownFileType = sourcecode.c.objc; path = LoginViewController.m; sourceTree = "<group>"; };
		F7FE50011C8A762700114B28 /* DateUtil.h */ = {isa = PBXFileReference; fileEncoding = 4; lastKnownFileType = sourcecode.c.h; path = DateUtil.h; sourceTree = "<group>"; };
		F7FE50021C8A762700114B28 /* DateUtil.m */ = {isa = PBXFileReference; fileEncoding = 4; lastKnownFileType = sourcecode.c.objc; path = DateUtil.m; sourceTree = "<group>"; };
		F7FE50041C8A76C600114B28 /* StringUtil.h */ = {isa = PBXFileReference; fileEncoding = 4; lastKnownFileType = sourcecode.c.h; path = StringUtil.h; sourceTree = "<group>"; };
		F7FE50051C8A76C600114B28 /* StringUtil.m */ = {isa = PBXFileReference; fileEncoding = 4; lastKnownFileType = sourcecode.c.objc; path = StringUtil.m; sourceTree = "<group>"; };
		F7FE50071C8A786700114B28 /* User.h */ = {isa = PBXFileReference; fileEncoding = 4; lastKnownFileType = sourcecode.c.h; path = User.h; sourceTree = "<group>"; };
		F7FE50081C8A786700114B28 /* User.m */ = {isa = PBXFileReference; fileEncoding = 4; lastKnownFileType = sourcecode.c.objc; path = User.m; sourceTree = "<group>"; };
		F7FE500A1C8A7C8B00114B28 /* BookSearcher.h */ = {isa = PBXFileReference; fileEncoding = 4; lastKnownFileType = sourcecode.c.h; path = BookSearcher.h; sourceTree = "<group>"; };
		F7FE500B1C8A7C8B00114B28 /* BookSearcher.m */ = {isa = PBXFileReference; fileEncoding = 4; lastKnownFileType = sourcecode.c.objc; path = BookSearcher.m; sourceTree = "<group>"; };
		FD47F8591C8AC26300D0ED07 /* book_thumb@2x.png */ = {isa = PBXFileReference; lastKnownFileType = image.png; path = "book_thumb@2x.png"; sourceTree = "<group>"; };
		FD47F85B1C8AC58C00D0ED07 /* Page.h */ = {isa = PBXFileReference; fileEncoding = 4; lastKnownFileType = sourcecode.c.h; path = Page.h; sourceTree = "<group>"; };
		FD47F85C1C8AC58C00D0ED07 /* Page.m */ = {isa = PBXFileReference; fileEncoding = 4; lastKnownFileType = sourcecode.c.objc; path = Page.m; sourceTree = "<group>"; };
		FDD02FA41C89C6F3005A3CB8 /* BookDetailViewController.h */ = {isa = PBXFileReference; fileEncoding = 4; lastKnownFileType = sourcecode.c.h; path = BookDetailViewController.h; sourceTree = "<group>"; };
		FDD02FA51C89C6F3005A3CB8 /* BookDetailViewController.m */ = {isa = PBXFileReference; fileEncoding = 4; lastKnownFileType = sourcecode.c.objc; path = BookDetailViewController.m; sourceTree = "<group>"; };
		FDE26AA91C9A3C09003418D5 /* ActivityListViewController.h */ = {isa = PBXFileReference; fileEncoding = 4; lastKnownFileType = sourcecode.c.h; path = ActivityListViewController.h; sourceTree = "<group>"; };
		FDE26AAA1C9A3C09003418D5 /* ActivityListViewController.m */ = {isa = PBXFileReference; fileEncoding = 4; lastKnownFileType = sourcecode.c.objc; path = ActivityListViewController.m; sourceTree = "<group>"; };
		FDE26AB81C9AABA0003418D5 /* link_investor@2x.png */ = {isa = PBXFileReference; lastKnownFileType = image.png; path = "link_investor@2x.png"; sourceTree = "<group>"; };
		FDE26AB91C9AABA0003418D5 /* link_project@2x.png */ = {isa = PBXFileReference; lastKnownFileType = image.png; path = "link_project@2x.png"; sourceTree = "<group>"; };
		FDE26ACA1C9BF6EE003418D5 /* MemberTableViewController.h */ = {isa = PBXFileReference; fileEncoding = 4; lastKnownFileType = sourcecode.c.h; path = MemberTableViewController.h; sourceTree = "<group>"; };
		FDE26ACB1C9BF6EE003418D5 /* MemberTableViewController.m */ = {isa = PBXFileReference; fileEncoding = 4; lastKnownFileType = sourcecode.c.objc; path = MemberTableViewController.m; sourceTree = "<group>"; };
		FDE26ACD1C9BF8B8003418D5 /* person_collect@2x.png */ = {isa = PBXFileReference; lastKnownFileType = image.png; path = "person_collect@2x.png"; sourceTree = "<group>"; };
		FDE26ACE1C9BF8B8003418D5 /* person_event@2x.png */ = {isa = PBXFileReference; lastKnownFileType = image.png; path = "person_event@2x.png"; sourceTree = "<group>"; };
		FDE26ACF1C9BF8B8003418D5 /* person_friends@2x.png */ = {isa = PBXFileReference; lastKnownFileType = image.png; path = "person_friends@2x.png"; sourceTree = "<group>"; };
		FDE26AD01C9BF8B8003418D5 /* person_msg@2x.png */ = {isa = PBXFileReference; lastKnownFileType = image.png; path = "person_msg@2x.png"; sourceTree = "<group>"; };
		FDE26AD11C9BF8B8003418D5 /* person_note@2x.png */ = {isa = PBXFileReference; lastKnownFileType = image.png; path = "person_note@2x.png"; sourceTree = "<group>"; };
		FDE26AD21C9BF8B8003418D5 /* person_post@2x.png */ = {isa = PBXFileReference; lastKnownFileType = image.png; path = "person_post@2x.png"; sourceTree = "<group>"; };
		FDE26AD31C9BF8B8003418D5 /* person_project@2x.png */ = {isa = PBXFileReference; lastKnownFileType = image.png; path = "person_project@2x.png"; sourceTree = "<group>"; };
		FDE26AD41C9BF8B8003418D5 /* person_setting@2x.png */ = {isa = PBXFileReference; lastKnownFileType = image.png; path = "person_setting@2x.png"; sourceTree = "<group>"; };
		FDE26ADD1C9C287A003418D5 /* app_user_icon@2x.png */ = {isa = PBXFileReference; lastKnownFileType = image.png; path = "app_user_icon@2x.png"; sourceTree = "<group>"; };
		FDE26AE21C9C308F003418D5 /* ActivityTableViewCell.h */ = {isa = PBXFileReference; fileEncoding = 4; lastKnownFileType = sourcecode.c.h; path = ActivityTableViewCell.h; sourceTree = "<group>"; };
		FDE26AE31C9C308F003418D5 /* ActivityTableViewCell.m */ = {isa = PBXFileReference; fileEncoding = 4; lastKnownFileType = sourcecode.c.objc; path = ActivityTableViewCell.m; sourceTree = "<group>"; };
		FDE26AE41C9C308F003418D5 /* ActivityTableViewCell.xib */ = {isa = PBXFileReference; fileEncoding = 4; lastKnownFileType = file.xib; path = ActivityTableViewCell.xib; sourceTree = "<group>"; };
		FDE26AE71C9C322A003418D5 /* app_failure_img@2x.png */ = {isa = PBXFileReference; lastKnownFileType = image.png; path = "app_failure_img@2x.png"; sourceTree = "<group>"; };
		FDE26AE91C9C363A003418D5 /* BasicDynamicTableViewController.h */ = {isa = PBXFileReference; fileEncoding = 4; lastKnownFileType = sourcecode.c.h; path = BasicDynamicTableViewController.h; sourceTree = "<group>"; };
		FDE26AEA1C9C363A003418D5 /* BasicDynamicTableViewController.m */ = {isa = PBXFileReference; fileEncoding = 4; lastKnownFileType = sourcecode.c.objc; path = BasicDynamicTableViewController.m; sourceTree = "<group>"; };
		FDE26AED1C9C38A0003418D5 /* AFNetworkActivityIndicatorManager.h */ = {isa = PBXFileReference; fileEncoding = 4; lastKnownFileType = sourcecode.c.h; path = AFNetworkActivityIndicatorManager.h; sourceTree = "<group>"; };
		FDE26AEE1C9C38A0003418D5 /* AFNetworkActivityIndicatorManager.m */ = {isa = PBXFileReference; fileEncoding = 4; lastKnownFileType = sourcecode.c.objc; path = AFNetworkActivityIndicatorManager.m; sourceTree = "<group>"; };
		FDE26AEF1C9C38A0003418D5 /* UIActivityIndicatorView+AFNetworking.h */ = {isa = PBXFileReference; fileEncoding = 4; lastKnownFileType = sourcecode.c.h; path = "UIActivityIndicatorView+AFNetworking.h"; sourceTree = "<group>"; };
		FDE26AF01C9C38A0003418D5 /* UIActivityIndicatorView+AFNetworking.m */ = {isa = PBXFileReference; fileEncoding = 4; lastKnownFileType = sourcecode.c.objc; path = "UIActivityIndicatorView+AFNetworking.m"; sourceTree = "<group>"; };
		FDE26AF11C9C38A0003418D5 /* UIAlertView+AFNetworking.h */ = {isa = PBXFileReference; fileEncoding = 4; lastKnownFileType = sourcecode.c.h; path = "UIAlertView+AFNetworking.h"; sourceTree = "<group>"; };
		FDE26AF21C9C38A0003418D5 /* UIAlertView+AFNetworking.m */ = {isa = PBXFileReference; fileEncoding = 4; lastKnownFileType = sourcecode.c.objc; path = "UIAlertView+AFNetworking.m"; sourceTree = "<group>"; };
		FDE26AF31C9C38A0003418D5 /* UIButton+AFNetworking.h */ = {isa = PBXFileReference; fileEncoding = 4; lastKnownFileType = sourcecode.c.h; path = "UIButton+AFNetworking.h"; sourceTree = "<group>"; };
		FDE26AF41C9C38A0003418D5 /* UIButton+AFNetworking.m */ = {isa = PBXFileReference; fileEncoding = 4; lastKnownFileType = sourcecode.c.objc; path = "UIButton+AFNetworking.m"; sourceTree = "<group>"; };
		FDE26AF51C9C38A0003418D5 /* UIImageView+AFNetworking.h */ = {isa = PBXFileReference; fileEncoding = 4; lastKnownFileType = sourcecode.c.h; path = "UIImageView+AFNetworking.h"; sourceTree = "<group>"; };
		FDE26AF61C9C38A0003418D5 /* UIImageView+AFNetworking.m */ = {isa = PBXFileReference; fileEncoding = 4; lastKnownFileType = sourcecode.c.objc; path = "UIImageView+AFNetworking.m"; sourceTree = "<group>"; };
		FDE26AF71C9C38A0003418D5 /* UIKit+AFNetworking.h */ = {isa = PBXFileReference; fileEncoding = 4; lastKnownFileType = sourcecode.c.h; path = "UIKit+AFNetworking.h"; sourceTree = "<group>"; };
		FDE26AF81C9C38A0003418D5 /* UIProgressView+AFNetworking.h */ = {isa = PBXFileReference; fileEncoding = 4; lastKnownFileType = sourcecode.c.h; path = "UIProgressView+AFNetworking.h"; sourceTree = "<group>"; };
		FDE26AF91C9C38A0003418D5 /* UIProgressView+AFNetworking.m */ = {isa = PBXFileReference; fileEncoding = 4; lastKnownFileType = sourcecode.c.objc; path = "UIProgressView+AFNetworking.m"; sourceTree = "<group>"; };
		FDE26AFA1C9C38A0003418D5 /* UIRefreshControl+AFNetworking.h */ = {isa = PBXFileReference; fileEncoding = 4; lastKnownFileType = sourcecode.c.h; path = "UIRefreshControl+AFNetworking.h"; sourceTree = "<group>"; };
		FDE26AFB1C9C38A0003418D5 /* UIRefreshControl+AFNetworking.m */ = {isa = PBXFileReference; fileEncoding = 4; lastKnownFileType = sourcecode.c.objc; path = "UIRefreshControl+AFNetworking.m"; sourceTree = "<group>"; };
		FDE26AFC1C9C38A0003418D5 /* UIWebView+AFNetworking.h */ = {isa = PBXFileReference; fileEncoding = 4; lastKnownFileType = sourcecode.c.h; path = "UIWebView+AFNetworking.h"; sourceTree = "<group>"; };
		FDE26AFD1C9C38A0003418D5 /* UIWebView+AFNetworking.m */ = {isa = PBXFileReference; fileEncoding = 4; lastKnownFileType = sourcecode.c.objc; path = "UIWebView+AFNetworking.m"; sourceTree = "<group>"; };
		FDE2AFDC1C887C2B002238CA /* SpecialTypeTableViewCell.h */ = {isa = PBXFileReference; fileEncoding = 4; lastKnownFileType = sourcecode.c.h; path = SpecialTypeTableViewCell.h; sourceTree = "<group>"; };
		FDE2AFDD1C887C2B002238CA /* SpecialTypeTableViewCell.m */ = {isa = PBXFileReference; fileEncoding = 4; lastKnownFileType = sourcecode.c.objc; path = SpecialTypeTableViewCell.m; sourceTree = "<group>"; };
		FDE2AFDE1C887C2B002238CA /* SpecialTypeTableViewCell.xib */ = {isa = PBXFileReference; fileEncoding = 4; lastKnownFileType = file.xib; path = SpecialTypeTableViewCell.xib; sourceTree = "<group>"; };
		FDE2AFE41C887ED2002238CA /* SpecialTypeViewController.h */ = {isa = PBXFileReference; fileEncoding = 4; lastKnownFileType = sourcecode.c.h; path = SpecialTypeViewController.h; sourceTree = "<group>"; };
		FDE2AFE51C887ED2002238CA /* SpecialTypeViewController.m */ = {isa = PBXFileReference; fileEncoding = 4; lastKnownFileType = sourcecode.c.objc; path = SpecialTypeViewController.m; sourceTree = "<group>"; };
		FDE2AFE81C887F98002238CA /* BaseTableViewController.h */ = {isa = PBXFileReference; fileEncoding = 4; lastKnownFileType = sourcecode.c.h; path = BaseTableViewController.h; sourceTree = "<group>"; };
		FDE2AFE91C887F98002238CA /* BaseTableViewController.m */ = {isa = PBXFileReference; fileEncoding = 4; lastKnownFileType = sourcecode.c.objc; path = BaseTableViewController.m; sourceTree = "<group>"; };
		FDE2AFEB1C88872B002238CA /* BaseViewController.h */ = {isa = PBXFileReference; fileEncoding = 4; lastKnownFileType = sourcecode.c.h; path = BaseViewController.h; sourceTree = "<group>"; };
		FDE2AFEC1C88872B002238CA /* BaseViewController.m */ = {isa = PBXFileReference; fileEncoding = 4; lastKnownFileType = sourcecode.c.objc; path = BaseViewController.m; sourceTree = "<group>"; };
		FDE2AFEE1C88881A002238CA /* SearchSpBookListViewController.h */ = {isa = PBXFileReference; fileEncoding = 4; lastKnownFileType = sourcecode.c.h; path = SearchSpBookListViewController.h; sourceTree = "<group>"; };
		FDE2AFEF1C88881A002238CA /* SearchSpBookListViewController.m */ = {isa = PBXFileReference; fileEncoding = 4; lastKnownFileType = sourcecode.c.objc; path = SearchSpBookListViewController.m; sourceTree = "<group>"; };
		FDE33F071C9FD5E6005C6863 /* BaseTableView.h */ = {isa = PBXFileReference; fileEncoding = 4; lastKnownFileType = sourcecode.c.h; path = BaseTableView.h; sourceTree = "<group>"; };
		FDE33F081C9FD5E6005C6863 /* BaseTableView.m */ = {isa = PBXFileReference; fileEncoding = 4; lastKnownFileType = sourcecode.c.objc; path = BaseTableView.m; sourceTree = "<group>"; };
		FDE33F0A1C9FE993005C6863 /* ProjectListViewController.h */ = {isa = PBXFileReference; fileEncoding = 4; lastKnownFileType = sourcecode.c.h; path = ProjectListViewController.h; sourceTree = "<group>"; };
		FDE33F0B1C9FE993005C6863 /* ProjectListViewController.m */ = {isa = PBXFileReference; fileEncoding = 4; lastKnownFileType = sourcecode.c.objc; path = ProjectListViewController.m; sourceTree = "<group>"; };
		FDE33F0D1C9FED31005C6863 /* BaseTableViewDelegate.h */ = {isa = PBXFileReference; fileEncoding = 4; lastKnownFileType = sourcecode.c.h; path = BaseTableViewDelegate.h; sourceTree = "<group>"; };
		FDE33F0E1C9FED31005C6863 /* BaseTableViewDelegate.m */ = {isa = PBXFileReference; fileEncoding = 4; lastKnownFileType = sourcecode.c.objc; path = BaseTableViewDelegate.m; sourceTree = "<group>"; };
		FDE33F101C9FEDF9005C6863 /* ProjectTableViewDelegate.h */ = {isa = PBXFileReference; fileEncoding = 4; lastKnownFileType = sourcecode.c.h; path = ProjectTableViewDelegate.h; sourceTree = "<group>"; };
		FDE33F111C9FEDF9005C6863 /* ProjectTableViewDelegate.m */ = {isa = PBXFileReference; fileEncoding = 4; lastKnownFileType = sourcecode.c.objc; path = ProjectTableViewDelegate.m; sourceTree = "<group>"; };
		FDE33F131C9FEF68005C6863 /* ProjectTableViewCell.h */ = {isa = PBXFileReference; fileEncoding = 4; lastKnownFileType = sourcecode.c.h; path = ProjectTableViewCell.h; sourceTree = "<group>"; };
		FDE33F141C9FEF68005C6863 /* ProjectTableViewCell.m */ = {isa = PBXFileReference; fileEncoding = 4; lastKnownFileType = sourcecode.c.objc; path = ProjectTableViewCell.m; sourceTree = "<group>"; };
		FDE33F151C9FEF68005C6863 /* ProjectTableViewCell.xib */ = {isa = PBXFileReference; fileEncoding = 4; lastKnownFileType = file.xib; path = ProjectTableViewCell.xib; sourceTree = "<group>"; };
		FDE33F191C9FFF8D005C6863 /* BaseImageView.h */ = {isa = PBXFileReference; fileEncoding = 4; lastKnownFileType = sourcecode.c.h; path = BaseImageView.h; sourceTree = "<group>"; };
		FDE33F1A1C9FFF8D005C6863 /* BaseImageView.m */ = {isa = PBXFileReference; fileEncoding = 4; lastKnownFileType = sourcecode.c.objc; path = BaseImageView.m; sourceTree = "<group>"; };
		FDEADC051C92AA2D00971DD1 /* icon_community_selected@2x.png */ = {isa = PBXFileReference; lastKnownFileType = image.png; path = "icon_community_selected@2x.png"; sourceTree = "<group>"; };
		FDEADC061C92AA2D00971DD1 /* icon_about_selected@2x.png */ = {isa = PBXFileReference; lastKnownFileType = image.png; path = "icon_about_selected@2x.png"; sourceTree = "<group>"; };
		FDEADC071C92AA2D00971DD1 /* icon_content_normal@2x.png */ = {isa = PBXFileReference; lastKnownFileType = image.png; path = "icon_content_normal@2x.png"; sourceTree = "<group>"; };
		FDEADC081C92AA2D00971DD1 /* icon_about_normal@2x.png */ = {isa = PBXFileReference; lastKnownFileType = image.png; path = "icon_about_normal@2x.png"; sourceTree = "<group>"; };
		FDEADC091C92AA2D00971DD1 /* icon_community_normal@2x.png */ = {isa = PBXFileReference; lastKnownFileType = image.png; path = "icon_community_normal@2x.png"; sourceTree = "<group>"; };
		FDEADC0A1C92AA2D00971DD1 /* icon_content_selected@2x.png */ = {isa = PBXFileReference; lastKnownFileType = image.png; path = "icon_content_selected@2x.png"; sourceTree = "<group>"; };
		FDEADC111C92ACEB00971DD1 /* SubTabBarController.h */ = {isa = PBXFileReference; fileEncoding = 4; lastKnownFileType = sourcecode.c.h; path = SubTabBarController.h; sourceTree = "<group>"; };
		FDEADC121C92ACEB00971DD1 /* SubTabBarController.m */ = {isa = PBXFileReference; fileEncoding = 4; lastKnownFileType = sourcecode.c.objc; path = SubTabBarController.m; sourceTree = "<group>"; };
/* End PBXFileReference section */

/* Begin PBXFrameworksBuildPhase section */
		F70B01991C7232FC00D46D79 /* Frameworks */ = {
			isa = PBXFrameworksBuildPhase;
			buildActionMask = 2147483647;
			files = (
			);
			runOnlyForDeploymentPostprocessing = 0;
		};
		F70B01B21C7232FC00D46D79 /* Frameworks */ = {
			isa = PBXFrameworksBuildPhase;
			buildActionMask = 2147483647;
			files = (
			);
			runOnlyForDeploymentPostprocessing = 0;
		};
/* End PBXFrameworksBuildPhase section */

/* Begin PBXGroup section */
		F70B01931C7232FC00D46D79 = {
			isa = PBXGroup;
			children = (
				F73B785B1C81375500069EEE /* Common */,
				F73B78641C81375500069EEE /* ThirdParty */,
				F70B019E1C7232FC00D46D79 /* Foundation */,
				F70B01B81C7232FC00D46D79 /* FoundationTests */,
				F70B019D1C7232FC00D46D79 /* Products */,
			);
			sourceTree = "<group>";
		};
		F70B019D1C7232FC00D46D79 /* Products */ = {
			isa = PBXGroup;
			children = (
				F70B019C1C7232FC00D46D79 /* Foundation.app */,
				F70B01B51C7232FC00D46D79 /* FoundationTests.xctest */,
			);
			name = Products;
			sourceTree = "<group>";
		};
		F70B019E1C7232FC00D46D79 /* Foundation */ = {
			isa = PBXGroup;
			children = (
				F7B827F31C892DD500014746 /* Login */,
				FDE2AFE71C887F87002238CA /* Modal */,
				F73B78B61C813DDD00069EEE /* Book */,
				F73B78B91C813E2800069EEE /* Activity */,
				F73B78BD1C813E2800069EEE /* Project */,
				F73B78BB1C813E2800069EEE /* Member */,
				F7B98EAB1C7459FF006ABA71 /* images */,
				F70B01A31C7232FC00D46D79 /* AppDelegate.h */,
				F70B01A41C7232FC00D46D79 /* AppDelegate.m */,
				F73B78B31C8137B600069EEE /* MainTabBarController.h */,
				F73B78B41C8137B600069EEE /* MainTabBarController.m */,
				F70B01AC1C7232FC00D46D79 /* Images.xcassets */,
				F70B01AE1C7232FC00D46D79 /* LaunchScreen.xib */,
				F70B019F1C7232FC00D46D79 /* Supporting Files */,
			);
			path = Foundation;
			sourceTree = "<group>";
		};
		F70B019F1C7232FC00D46D79 /* Supporting Files */ = {
			isa = PBXGroup;
			children = (
				F70B01A01C7232FC00D46D79 /* Info.plist */,
				F70B01A11C7232FC00D46D79 /* main.m */,
			);
			name = "Supporting Files";
			sourceTree = "<group>";
		};
		F70B01B81C7232FC00D46D79 /* FoundationTests */ = {
			isa = PBXGroup;
			children = (
				F70B01BB1C7232FC00D46D79 /* FoundationTests.m */,
				F70B01B91C7232FC00D46D79 /* Supporting Files */,
			);
			path = FoundationTests;
			sourceTree = "<group>";
		};
		F70B01B91C7232FC00D46D79 /* Supporting Files */ = {
			isa = PBXGroup;
			children = (
				F70B01BA1C7232FC00D46D79 /* Info.plist */,
			);
			name = "Supporting Files";
			sourceTree = "<group>";
		};
		F73B785B1C81375500069EEE /* Common */ = {
			isa = PBXGroup;
			children = (
				F7FE50071C8A786700114B28 /* User.h */,
				F7FE50081C8A786700114B28 /* User.m */,
				F7FE50041C8A76C600114B28 /* StringUtil.h */,
				F7FE50051C8A76C600114B28 /* StringUtil.m */,
				F7FE50011C8A762700114B28 /* DateUtil.h */,
				F7FE50021C8A762700114B28 /* DateUtil.m */,
				F73B785D1C81375500069EEE /* CommonUtil.h */,
				F73B785E1C81375500069EEE /* CommonUtil.m */,
				F73B785F1C81375500069EEE /* Global.h */,
				F73B78601C81375500069EEE /* HttpService.h */,
				F73B78611C81375500069EEE /* HttpService.m */,
				F73B78621C81375500069EEE /* LXButton.h */,
				F73B78631C81375500069EEE /* LXButton.m */,
			);
			path = Common;
			sourceTree = "<group>";
		};
		F73B78641C81375500069EEE /* ThirdParty */ = {
			isa = PBXGroup;
			children = (
				FDE26AEC1C9C38A0003418D5 /* UIKit+AFNetworking */,
				F73B78651C81375500069EEE /* AFNetworking */,
				F73B78791C81375500069EEE /* MJRefresh */,
				F73B78921C81375600069EEE /* SVProgressHUD */,
			);
			path = ThirdParty;
			sourceTree = "<group>";
		};
		F73B78651C81375500069EEE /* AFNetworking */ = {
			isa = PBXGroup;
			children = (
				F73B78661C81375500069EEE /* AFHTTPRequestOperation.h */,
				F73B78671C81375500069EEE /* AFHTTPRequestOperation.m */,
				F73B78681C81375500069EEE /* AFHTTPRequestOperationManager.h */,
				F73B78691C81375500069EEE /* AFHTTPRequestOperationManager.m */,
				F73B786A1C81375500069EEE /* AFHTTPSessionManager.h */,
				F73B786B1C81375500069EEE /* AFHTTPSessionManager.m */,
				F73B786C1C81375500069EEE /* AFNetworking.h */,
				F73B786D1C81375500069EEE /* AFNetworkReachabilityManager.h */,
				F73B786E1C81375500069EEE /* AFNetworkReachabilityManager.m */,
				F73B786F1C81375500069EEE /* AFSecurityPolicy.h */,
				F73B78701C81375500069EEE /* AFSecurityPolicy.m */,
				F73B78711C81375500069EEE /* AFURLConnectionOperation.h */,
				F73B78721C81375500069EEE /* AFURLConnectionOperation.m */,
				F73B78731C81375500069EEE /* AFURLRequestSerialization.h */,
				F73B78741C81375500069EEE /* AFURLRequestSerialization.m */,
				F73B78751C81375500069EEE /* AFURLResponseSerialization.h */,
				F73B78761C81375500069EEE /* AFURLResponseSerialization.m */,
				F73B78771C81375500069EEE /* AFURLSessionManager.h */,
				F73B78781C81375500069EEE /* AFURLSessionManager.m */,
			);
			path = AFNetworking;
			sourceTree = "<group>";
		};
		F73B78791C81375500069EEE /* MJRefresh */ = {
			isa = PBXGroup;
			children = (
				F73B787A1C81375500069EEE /* MJRefresh.bundle */,
				F73B787B1C81375500069EEE /* MJRefresh.h */,
				F73B787C1C81375500069EEE /* MJRefreshComponent.h */,
				F73B787D1C81375500069EEE /* MJRefreshComponent.m */,
				F73B787E1C81375500069EEE /* MJRefreshConst.h */,
				F73B787F1C81375500069EEE /* MJRefreshConst.m */,
				F73B78801C81375600069EEE /* MJRefreshFooter.h */,
				F73B78811C81375600069EEE /* MJRefreshFooter.m */,
				F73B78821C81375600069EEE /* MJRefreshGifFooter.h */,
				F73B78831C81375600069EEE /* MJRefreshGifFooter.m */,
				F73B78841C81375600069EEE /* MJRefreshGifHeader.h */,
				F73B78851C81375600069EEE /* MJRefreshGifHeader.m */,
				F73B78861C81375600069EEE /* MJRefreshHeader.h */,
				F73B78871C81375600069EEE /* MJRefreshHeader.m */,
				F73B78881C81375600069EEE /* MJRefreshLegendFooter.h */,
				F73B78891C81375600069EEE /* MJRefreshLegendFooter.m */,
				F73B788A1C81375600069EEE /* MJRefreshLegendHeader.h */,
				F73B788B1C81375600069EEE /* MJRefreshLegendHeader.m */,
				F73B788C1C81375600069EEE /* UIScrollView+MJExtension.h */,
				F73B788D1C81375600069EEE /* UIScrollView+MJExtension.m */,
				F73B788E1C81375600069EEE /* UIScrollView+MJRefresh.h */,
				F73B788F1C81375600069EEE /* UIScrollView+MJRefresh.m */,
				F73B78901C81375600069EEE /* UIView+MJExtension.h */,
				F73B78911C81375600069EEE /* UIView+MJExtension.m */,
			);
			path = MJRefresh;
			sourceTree = "<group>";
		};
		F73B78921C81375600069EEE /* SVProgressHUD */ = {
			isa = PBXGroup;
			children = (
				F73B78931C81375600069EEE /* SVProgressHUD.bundle */,
				F73B78941C81375600069EEE /* SVProgressHUD.h */,
				F73B78951C81375600069EEE /* SVProgressHUD.m */,
			);
			path = SVProgressHUD;
			sourceTree = "<group>";
		};
		F73B78B61C813DDD00069EEE /* Book */ = {
			isa = PBXGroup;
			children = (
				F741A6451C8F38E4008DC72B /* BookTableViewCell.h */,
				F741A6461C8F38E4008DC72B /* BookTableViewCell.m */,
				F741A6471C8F38E4008DC72B /* BookTableViewCell.xib */,
				F73B78B71C813DDD00069EEE /* Book.storyboard */,
				FDE2AFDC1C887C2B002238CA /* SpecialTypeTableViewCell.h */,
				FDE2AFDD1C887C2B002238CA /* SpecialTypeTableViewCell.m */,
				FDE2AFDE1C887C2B002238CA /* SpecialTypeTableViewCell.xib */,
				FDE2AFE41C887ED2002238CA /* SpecialTypeViewController.h */,
				FDE2AFE51C887ED2002238CA /* SpecialTypeViewController.m */,
				FDE2AFEE1C88881A002238CA /* SearchSpBookListViewController.h */,
				FDE2AFEF1C88881A002238CA /* SearchSpBookListViewController.m */,
				FDD02FA41C89C6F3005A3CB8 /* BookDetailViewController.h */,
				FDD02FA51C89C6F3005A3CB8 /* BookDetailViewController.m */,
				FDEADC111C92ACEB00971DD1 /* SubTabBarController.h */,
				FDEADC121C92ACEB00971DD1 /* SubTabBarController.m */,
			);
			path = Book;
			sourceTree = "<group>";
		};
		F73B78B91C813E2800069EEE /* Activity */ = {
			isa = PBXGroup;
			children = (
				F73B78BA1C813E2800069EEE /* Activity.storyboard */,
				FDE26AA91C9A3C09003418D5 /* ActivityListViewController.h */,
				FDE26AAA1C9A3C09003418D5 /* ActivityListViewController.m */,
				FDE26AE21C9C308F003418D5 /* ActivityTableViewCell.h */,
				FDE26AE31C9C308F003418D5 /* ActivityTableViewCell.m */,
				FDE26AE41C9C308F003418D5 /* ActivityTableViewCell.xib */,
			);
			path = Activity;
			sourceTree = "<group>";
		};
		F73B78BB1C813E2800069EEE /* Member */ = {
			isa = PBXGroup;
			children = (
				F73B78BC1C813E2800069EEE /* Member.storyboard */,
				FDE26ACA1C9BF6EE003418D5 /* MemberTableViewController.h */,
				FDE26ACB1C9BF6EE003418D5 /* MemberTableViewController.m */,
			);
			path = Member;
			sourceTree = "<group>";
		};
		F73B78BD1C813E2800069EEE /* Project */ = {
			isa = PBXGroup;
			children = (
				F73B78BE1C813E2800069EEE /* Project.storyboard */,
				FDE33F181C9FEF73005C6863 /* ProjectList */,
			);
			path = Project;
			sourceTree = "<group>";
		};
		F7B827F31C892DD500014746 /* Login */ = {
			isa = PBXGroup;
			children = (
				F7FE4FFE1C892E7F00114B28 /* LoginViewController.h */,
				F7FE4FFF1C892E7F00114B28 /* LoginViewController.m */,
				F7B827F41C892DDC00014746 /* Login.storyboard */,
			);
			path = Login;
			sourceTree = "<group>";
		};
		F7B98EAB1C7459FF006ABA71 /* images */ = {
			isa = PBXGroup;
			children = (
				FDE26AE71C9C322A003418D5 /* app_failure_img@2x.png */,
				FDE26ADD1C9C287A003418D5 /* app_user_icon@2x.png */,
				FDE26ACD1C9BF8B8003418D5 /* person_collect@2x.png */,
				FDE26ACE1C9BF8B8003418D5 /* person_event@2x.png */,
				FDE26ACF1C9BF8B8003418D5 /* person_friends@2x.png */,
				FDE26AD01C9BF8B8003418D5 /* person_msg@2x.png */,
				FDE26AD11C9BF8B8003418D5 /* person_note@2x.png */,
				FDE26AD21C9BF8B8003418D5 /* person_post@2x.png */,
				FDE26AD31C9BF8B8003418D5 /* person_project@2x.png */,
				FDE26AD41C9BF8B8003418D5 /* person_setting@2x.png */,
				FDE26AB81C9AABA0003418D5 /* link_investor@2x.png */,
				FDE26AB91C9AABA0003418D5 /* link_project@2x.png */,
				FDEADC051C92AA2D00971DD1 /* icon_community_selected@2x.png */,
				FDEADC061C92AA2D00971DD1 /* icon_about_selected@2x.png */,
				FDEADC071C92AA2D00971DD1 /* icon_content_normal@2x.png */,
				FDEADC081C92AA2D00971DD1 /* icon_about_normal@2x.png */,
				FDEADC091C92AA2D00971DD1 /* icon_community_normal@2x.png */,
				FDEADC0A1C92AA2D00971DD1 /* icon_content_selected@2x.png */,
				FD47F8591C8AC26300D0ED07 /* book_thumb@2x.png */,
				F73B78CA1C81451E00069EEE /* icon_activity_selected@2x.png */,
				F73B78CB1C81451E00069EEE /* icon_book_normal@2x.png */,
				F73B78CC1C81451E00069EEE /* icon_member_selected@2x.png */,
				F73B78CD1C81451E00069EEE /* icon_project_selected@2x.png */,
				F73B78C21C81414900069EEE /* icon_activity_normal@2x.png */,
				F73B78C31C81414900069EEE /* icon_book_selected@2x.png */,
				F73B78C41C81414900069EEE /* icon_member_normal@2x.png */,
				F73B78C51C81414900069EEE /* icon_project_normal@2x.png */,
				F7B98EAC1C7459FF006ABA71 /* Launch@2x.png */,
			);
			path = images;
			sourceTree = "<group>";
		};
		FDE26AEC1C9C38A0003418D5 /* UIKit+AFNetworking */ = {
			isa = PBXGroup;
			children = (
				FDE26AED1C9C38A0003418D5 /* AFNetworkActivityIndicatorManager.h */,
				FDE26AEE1C9C38A0003418D5 /* AFNetworkActivityIndicatorManager.m */,
				FDE26AEF1C9C38A0003418D5 /* UIActivityIndicatorView+AFNetworking.h */,
				FDE26AF01C9C38A0003418D5 /* UIActivityIndicatorView+AFNetworking.m */,
				FDE26AF11C9C38A0003418D5 /* UIAlertView+AFNetworking.h */,
				FDE26AF21C9C38A0003418D5 /* UIAlertView+AFNetworking.m */,
				FDE26AF31C9C38A0003418D5 /* UIButton+AFNetworking.h */,
				FDE26AF41C9C38A0003418D5 /* UIButton+AFNetworking.m */,
				FDE26AF51C9C38A0003418D5 /* UIImageView+AFNetworking.h */,
				FDE26AF61C9C38A0003418D5 /* UIImageView+AFNetworking.m */,
				FDE26AF71C9C38A0003418D5 /* UIKit+AFNetworking.h */,
				FDE26AF81C9C38A0003418D5 /* UIProgressView+AFNetworking.h */,
				FDE26AF91C9C38A0003418D5 /* UIProgressView+AFNetworking.m */,
				FDE26AFA1C9C38A0003418D5 /* UIRefreshControl+AFNetworking.h */,
				FDE26AFB1C9C38A0003418D5 /* UIRefreshControl+AFNetworking.m */,
				FDE26AFC1C9C38A0003418D5 /* UIWebView+AFNetworking.h */,
				FDE26AFD1C9C38A0003418D5 /* UIWebView+AFNetworking.m */,
			);
			path = "UIKit+AFNetworking";
			sourceTree = "<group>";
		};
		FDE2AFE71C887F87002238CA /* Modal */ = {
			isa = PBXGroup;
			children = (
				FD47F85B1C8AC58C00D0ED07 /* Page.h */,
				FD47F85C1C8AC58C00D0ED07 /* Page.m */,
				F7FE500A1C8A7C8B00114B28 /* BookSearcher.h */,
				F7FE500B1C8A7C8B00114B28 /* BookSearcher.m */,
				FDE2AFEB1C88872B002238CA /* BaseViewController.h */,
				FDE2AFEC1C88872B002238CA /* BaseViewController.m */,
				FDE2AFE81C887F98002238CA /* BaseTableViewController.h */,
				FDE2AFE91C887F98002238CA /* BaseTableViewController.m */,
				FDE26AE91C9C363A003418D5 /* BasicDynamicTableViewController.h */,
				FDE26AEA1C9C363A003418D5 /* BasicDynamicTableViewController.m */,
				FDE33F071C9FD5E6005C6863 /* BaseTableView.h */,
				FDE33F081C9FD5E6005C6863 /* BaseTableView.m */,
				FDE33F0D1C9FED31005C6863 /* BaseTableViewDelegate.h */,
				FDE33F0E1C9FED31005C6863 /* BaseTableViewDelegate.m */,
				FDE33F191C9FFF8D005C6863 /* BaseImageView.h */,
				FDE33F1A1C9FFF8D005C6863 /* BaseImageView.m */,
			);
			path = Modal;
			sourceTree = "<group>";
		};
		FDE33F181C9FEF73005C6863 /* ProjectList */ = {
			isa = PBXGroup;
			children = (
				FDE33F0A1C9FE993005C6863 /* ProjectListViewController.h */,
				FDE33F0B1C9FE993005C6863 /* ProjectListViewController.m */,
				FDE33F101C9FEDF9005C6863 /* ProjectTableViewDelegate.h */,
				FDE33F111C9FEDF9005C6863 /* ProjectTableViewDelegate.m */,
				FDE33F131C9FEF68005C6863 /* ProjectTableViewCell.h */,
				FDE33F141C9FEF68005C6863 /* ProjectTableViewCell.m */,
				FDE33F151C9FEF68005C6863 /* ProjectTableViewCell.xib */,
			);
			name = ProjectList;
			sourceTree = "<group>";
		};
/* End PBXGroup section */

/* Begin PBXNativeTarget section */
		F70B019B1C7232FC00D46D79 /* Foundation */ = {
			isa = PBXNativeTarget;
			buildConfigurationList = F70B01BF1C7232FC00D46D79 /* Build configuration list for PBXNativeTarget "Foundation" */;
			buildPhases = (
				F70B01981C7232FC00D46D79 /* Sources */,
				F70B01991C7232FC00D46D79 /* Frameworks */,
				F70B019A1C7232FC00D46D79 /* Resources */,
			);
			buildRules = (
			);
			dependencies = (
			);
			name = Foundation;
			productName = Foundation;
			productReference = F70B019C1C7232FC00D46D79 /* Foundation.app */;
			productType = "com.apple.product-type.application";
		};
		F70B01B41C7232FC00D46D79 /* FoundationTests */ = {
			isa = PBXNativeTarget;
			buildConfigurationList = F70B01C21C7232FC00D46D79 /* Build configuration list for PBXNativeTarget "FoundationTests" */;
			buildPhases = (
				F70B01B11C7232FC00D46D79 /* Sources */,
				F70B01B21C7232FC00D46D79 /* Frameworks */,
				F70B01B31C7232FC00D46D79 /* Resources */,
			);
			buildRules = (
			);
			dependencies = (
				F70B01B71C7232FC00D46D79 /* PBXTargetDependency */,
			);
			name = FoundationTests;
			productName = FoundationTests;
			productReference = F70B01B51C7232FC00D46D79 /* FoundationTests.xctest */;
			productType = "com.apple.product-type.bundle.unit-test";
		};
/* End PBXNativeTarget section */

/* Begin PBXProject section */
		F70B01941C7232FC00D46D79 /* Project object */ = {
			isa = PBXProject;
			attributes = {
				LastUpgradeCheck = 0640;
				ORGANIZATIONNAME = "瑞安市灵犀网络技术有限公司";
				TargetAttributes = {
					F70B019B1C7232FC00D46D79 = {
						CreatedOnToolsVersion = 6.4;
						DevelopmentTeam = K83TKABJMN;
					};
					F70B01B41C7232FC00D46D79 = {
						CreatedOnToolsVersion = 6.4;
						TestTargetID = F70B019B1C7232FC00D46D79;
					};
				};
			};
			buildConfigurationList = F70B01971C7232FC00D46D79 /* Build configuration list for PBXProject "Foundation" */;
			compatibilityVersion = "Xcode 3.2";
			developmentRegion = English;
			hasScannedForEncodings = 0;
			knownRegions = (
				en,
				Base,
			);
			mainGroup = F70B01931C7232FC00D46D79;
			productRefGroup = F70B019D1C7232FC00D46D79 /* Products */;
			projectDirPath = "";
			projectRoot = "";
			targets = (
				F70B019B1C7232FC00D46D79 /* Foundation */,
				F70B01B41C7232FC00D46D79 /* FoundationTests */,
			);
		};
/* End PBXProject section */

/* Begin PBXResourcesBuildPhase section */
		F70B019A1C7232FC00D46D79 /* Resources */ = {
			isa = PBXResourcesBuildPhase;
			buildActionMask = 2147483647;
			files = (
				FDE26AD91C9BF8B8003418D5 /* person_note@2x.png in Resources */,
				FD47F85A1C8AC26300D0ED07 /* book_thumb@2x.png in Resources */,
				FDE26ADB1C9BF8B8003418D5 /* person_project@2x.png in Resources */,
				FDE26AD51C9BF8B8003418D5 /* person_collect@2x.png in Resources */,
				FDE26AE61C9C308F003418D5 /* ActivityTableViewCell.xib in Resources */,
				F73B78D01C81451E00069EEE /* icon_member_selected@2x.png in Resources */,
				FDEADC0D1C92AA2D00971DD1 /* icon_content_normal@2x.png in Resources */,
				F7B827F51C892DDC00014746 /* Login.storyboard in Resources */,
				F73B78C01C813E2800069EEE /* Member.storyboard in Resources */,
				FDE26AD71C9BF8B8003418D5 /* person_friends@2x.png in Resources */,
				F73B78CE1C81451E00069EEE /* icon_activity_selected@2x.png in Resources */,
				FDE2AFE01C887C2B002238CA /* SpecialTypeTableViewCell.xib in Resources */,
				FDEADC101C92AA2D00971DD1 /* icon_content_selected@2x.png in Resources */,
				F73B78C61C81414900069EEE /* icon_activity_normal@2x.png in Resources */,
				FDE26ADE1C9C287A003418D5 /* app_user_icon@2x.png in Resources */,
				FDE33F171C9FEF68005C6863 /* ProjectTableViewCell.xib in Resources */,
				FDE26ADC1C9BF8B8003418D5 /* person_setting@2x.png in Resources */,
				F73B78C81C81414900069EEE /* icon_member_normal@2x.png in Resources */,
				F73B78AE1C81375600069EEE /* SVProgressHUD.bundle in Resources */,
				FDE26AE81C9C322A003418D5 /* app_failure_img@2x.png in Resources */,
				FDE26ABA1C9AABA0003418D5 /* link_investor@2x.png in Resources */,
				F7B98EAD1C7459FF006ABA71 /* Launch@2x.png in Resources */,
				F73B78B81C813DDD00069EEE /* Book.storyboard in Resources */,
				FDEADC0E1C92AA2D00971DD1 /* icon_about_normal@2x.png in Resources */,
				FDE26AD81C9BF8B8003418D5 /* person_msg@2x.png in Resources */,
				F70B01B01C7232FC00D46D79 /* LaunchScreen.xib in Resources */,
				F73B78D11C81451E00069EEE /* icon_project_selected@2x.png in Resources */,
				F73B78CF1C81451E00069EEE /* icon_book_normal@2x.png in Resources */,
				F73B78BF1C813E2800069EEE /* Activity.storyboard in Resources */,
				FDE26ABB1C9AABA0003418D5 /* link_project@2x.png in Resources */,
				F73B78A21C81375600069EEE /* MJRefresh.bundle in Resources */,
				FDE26ADA1C9BF8B8003418D5 /* person_post@2x.png in Resources */,
				FDEADC0B1C92AA2D00971DD1 /* icon_community_selected@2x.png in Resources */,
				F73B78C91C81414900069EEE /* icon_project_normal@2x.png in Resources */,
				F70B01AD1C7232FC00D46D79 /* Images.xcassets in Resources */,
				F73B78C11C813E2800069EEE /* Project.storyboard in Resources */,
				FDEADC0F1C92AA2D00971DD1 /* icon_community_normal@2x.png in Resources */,
				F73B78C71C81414900069EEE /* icon_book_selected@2x.png in Resources */,
				F741A6491C8F38E4008DC72B /* BookTableViewCell.xib in Resources */,
				FDE26AD61C9BF8B8003418D5 /* person_event@2x.png in Resources */,
				FDEADC0C1C92AA2D00971DD1 /* icon_about_selected@2x.png in Resources */,
			);
			runOnlyForDeploymentPostprocessing = 0;
		};
		F70B01B31C7232FC00D46D79 /* Resources */ = {
			isa = PBXResourcesBuildPhase;
			buildActionMask = 2147483647;
			files = (
			);
			runOnlyForDeploymentPostprocessing = 0;
		};
/* End PBXResourcesBuildPhase section */

/* Begin PBXSourcesBuildPhase section */
		F70B01981C7232FC00D46D79 /* Sources */ = {
			isa = PBXSourcesBuildPhase;
			buildActionMask = 2147483647;
			files = (
				FDE26B001C9C38A0003418D5 /* UIAlertView+AFNetworking.m in Sources */,
				FDE33F161C9FEF68005C6863 /* ProjectTableViewCell.m in Sources */,
				FD47F85D1C8AC58C00D0ED07 /* Page.m in Sources */,
				F73B78A91C81375600069EEE /* MJRefreshLegendFooter.m in Sources */,
				FDE2AFEA1C887F98002238CA /* BaseTableViewController.m in Sources */,
				F73B78A11C81375600069EEE /* AFURLSessionManager.m in Sources */,
				F73B78971C81375600069EEE /* HttpService.m in Sources */,
				F73B78A61C81375600069EEE /* MJRefreshGifFooter.m in Sources */,
				F73B78AF1C81375600069EEE /* SVProgressHUD.m in Sources */,
				F73B789C1C81375600069EEE /* AFNetworkReachabilityManager.m in Sources */,
				F73B78A41C81375600069EEE /* MJRefreshConst.m in Sources */,
				FDE26AE51C9C308F003418D5 /* ActivityTableViewCell.m in Sources */,
				FDE26B021C9C38A0003418D5 /* UIImageView+AFNetworking.m in Sources */,
				FDE26AAB1C9A3C09003418D5 /* ActivityListViewController.m in Sources */,
				FDE26ACC1C9BF6EE003418D5 /* MemberTableViewController.m in Sources */,
				FDE26AFE1C9C38A0003418D5 /* AFNetworkActivityIndicatorManager.m in Sources */,
				FDE2AFED1C88872C002238CA /* BaseViewController.m in Sources */,
				F73B78A51C81375600069EEE /* MJRefreshFooter.m in Sources */,
				FDE33F121C9FEDF9005C6863 /* ProjectTableViewDelegate.m in Sources */,
				F70B01A51C7232FC00D46D79 /* AppDelegate.m in Sources */,
				FDE33F091C9FD5E6005C6863 /* BaseTableView.m in Sources */,
				F73B78AD1C81375600069EEE /* UIView+MJExtension.m in Sources */,
				F7FE50061C8A76C600114B28 /* StringUtil.m in Sources */,
				F7FE500C1C8A7C8B00114B28 /* BookSearcher.m in Sources */,
				FDD02FA61C89C6F3005A3CB8 /* BookDetailViewController.m in Sources */,
				F73B78A71C81375600069EEE /* MJRefreshGifHeader.m in Sources */,
				FDEADC131C92ACEB00971DD1 /* SubTabBarController.m in Sources */,
				F73B789E1C81375600069EEE /* AFURLConnectionOperation.m in Sources */,
				FDE26B031C9C38A0003418D5 /* UIProgressView+AFNetworking.m in Sources */,
				F73B78A81C81375600069EEE /* MJRefreshHeader.m in Sources */,
				FDE2AFE61C887ED2002238CA /* SpecialTypeViewController.m in Sources */,
				F741A6481C8F38E4008DC72B /* BookTableViewCell.m in Sources */,
				F73B78AB1C81375600069EEE /* UIScrollView+MJExtension.m in Sources */,
				F73B78AC1C81375600069EEE /* UIScrollView+MJRefresh.m in Sources */,
				F73B789B1C81375600069EEE /* AFHTTPSessionManager.m in Sources */,
				F73B789F1C81375600069EEE /* AFURLRequestSerialization.m in Sources */,
				FDE26B051C9C38A0003418D5 /* UIWebView+AFNetworking.m in Sources */,
				F7FE50031C8A762700114B28 /* DateUtil.m in Sources */,
				FDE33F0C1C9FE993005C6863 /* ProjectListViewController.m in Sources */,
				F7FE50001C892E7F00114B28 /* LoginViewController.m in Sources */,
				FDE26AFF1C9C38A0003418D5 /* UIActivityIndicatorView+AFNetworking.m in Sources */,
				FDE26AEB1C9C363A003418D5 /* BasicDynamicTableViewController.m in Sources */,
				FDE2AFF01C88881A002238CA /* SearchSpBookListViewController.m in Sources */,
				F73B78A31C81375600069EEE /* MJRefreshComponent.m in Sources */,
				F73B78981C81375600069EEE /* LXButton.m in Sources */,
				F73B78961C81375600069EEE /* CommonUtil.m in Sources */,
				F70B01A21C7232FC00D46D79 /* main.m in Sources */,
				F73B78B51C8137B600069EEE /* MainTabBarController.m in Sources */,
				F7FE50091C8A786800114B28 /* User.m in Sources */,
				F73B78AA1C81375600069EEE /* MJRefreshLegendHeader.m in Sources */,
				F73B789A1C81375600069EEE /* AFHTTPRequestOperationManager.m in Sources */,
				FDE26B041C9C38A0003418D5 /* UIRefreshControl+AFNetworking.m in Sources */,
				FDE26B011C9C38A0003418D5 /* UIButton+AFNetworking.m in Sources */,
				FDE33F0F1C9FED31005C6863 /* BaseTableViewDelegate.m in Sources */,
				F73B789D1C81375600069EEE /* AFSecurityPolicy.m in Sources */,
				F73B78A01C81375600069EEE /* AFURLResponseSerialization.m in Sources */,
				F73B78991C81375600069EEE /* AFHTTPRequestOperation.m in Sources */,
				FDE33F1B1C9FFF8D005C6863 /* BaseImageView.m in Sources */,
				FDE2AFDF1C887C2B002238CA /* SpecialTypeTableViewCell.m in Sources */,
			);
			runOnlyForDeploymentPostprocessing = 0;
		};
		F70B01B11C7232FC00D46D79 /* Sources */ = {
			isa = PBXSourcesBuildPhase;
			buildActionMask = 2147483647;
			files = (
				F70B01BC1C7232FC00D46D79 /* FoundationTests.m in Sources */,
			);
			runOnlyForDeploymentPostprocessing = 0;
		};
/* End PBXSourcesBuildPhase section */

/* Begin PBXTargetDependency section */
		F70B01B71C7232FC00D46D79 /* PBXTargetDependency */ = {
			isa = PBXTargetDependency;
			target = F70B019B1C7232FC00D46D79 /* Foundation */;
			targetProxy = F70B01B61C7232FC00D46D79 /* PBXContainerItemProxy */;
		};
/* End PBXTargetDependency section */

/* Begin PBXVariantGroup section */
		F70B01AE1C7232FC00D46D79 /* LaunchScreen.xib */ = {
			isa = PBXVariantGroup;
			children = (
				F70B01AF1C7232FC00D46D79 /* Base */,
			);
			name = LaunchScreen.xib;
			sourceTree = "<group>";
		};
/* End PBXVariantGroup section */

/* Begin XCBuildConfiguration section */
		F70B01BD1C7232FC00D46D79 /* Debug */ = {
			isa = XCBuildConfiguration;
			buildSettings = {
				ALWAYS_SEARCH_USER_PATHS = NO;
				CLANG_CXX_LANGUAGE_STANDARD = "gnu++0x";
				CLANG_CXX_LIBRARY = "libc++";
				CLANG_ENABLE_MODULES = YES;
				CLANG_ENABLE_OBJC_ARC = YES;
				CLANG_WARN_BOOL_CONVERSION = YES;
				CLANG_WARN_CONSTANT_CONVERSION = YES;
				CLANG_WARN_DIRECT_OBJC_ISA_USAGE = YES_ERROR;
				CLANG_WARN_EMPTY_BODY = YES;
				CLANG_WARN_ENUM_CONVERSION = YES;
				CLANG_WARN_INT_CONVERSION = YES;
				CLANG_WARN_OBJC_ROOT_CLASS = YES_ERROR;
				CLANG_WARN_UNREACHABLE_CODE = YES;
				CLANG_WARN__DUPLICATE_METHOD_MATCH = YES;
				"CODE_SIGN_IDENTITY[sdk=iphoneos*]" = "iPhone Developer";
				COPY_PHASE_STRIP = NO;
				DEBUG_INFORMATION_FORMAT = "dwarf-with-dsym";
				ENABLE_STRICT_OBJC_MSGSEND = YES;
				GCC_C_LANGUAGE_STANDARD = gnu99;
				GCC_DYNAMIC_NO_PIC = NO;
				GCC_NO_COMMON_BLOCKS = YES;
				GCC_OPTIMIZATION_LEVEL = 0;
				GCC_PREPROCESSOR_DEFINITIONS = (
					"DEBUG=1",
					"$(inherited)",
				);
				GCC_SYMBOLS_PRIVATE_EXTERN = NO;
				GCC_WARN_64_TO_32_BIT_CONVERSION = YES;
				GCC_WARN_ABOUT_RETURN_TYPE = YES_ERROR;
				GCC_WARN_UNDECLARED_SELECTOR = YES;
				GCC_WARN_UNINITIALIZED_AUTOS = YES_AGGRESSIVE;
				GCC_WARN_UNUSED_FUNCTION = YES;
				GCC_WARN_UNUSED_VARIABLE = YES;
				IPHONEOS_DEPLOYMENT_TARGET = 7.0;
				MTL_ENABLE_DEBUG_INFO = YES;
				ONLY_ACTIVE_ARCH = YES;
				SDKROOT = iphoneos;
			};
			name = Debug;
		};
		F70B01BE1C7232FC00D46D79 /* Release */ = {
			isa = XCBuildConfiguration;
			buildSettings = {
				ALWAYS_SEARCH_USER_PATHS = NO;
				CLANG_CXX_LANGUAGE_STANDARD = "gnu++0x";
				CLANG_CXX_LIBRARY = "libc++";
				CLANG_ENABLE_MODULES = YES;
				CLANG_ENABLE_OBJC_ARC = YES;
				CLANG_WARN_BOOL_CONVERSION = YES;
				CLANG_WARN_CONSTANT_CONVERSION = YES;
				CLANG_WARN_DIRECT_OBJC_ISA_USAGE = YES_ERROR;
				CLANG_WARN_EMPTY_BODY = YES;
				CLANG_WARN_ENUM_CONVERSION = YES;
				CLANG_WARN_INT_CONVERSION = YES;
				CLANG_WARN_OBJC_ROOT_CLASS = YES_ERROR;
				CLANG_WARN_UNREACHABLE_CODE = YES;
				CLANG_WARN__DUPLICATE_METHOD_MATCH = YES;
				"CODE_SIGN_IDENTITY[sdk=iphoneos*]" = "iPhone Developer";
				COPY_PHASE_STRIP = NO;
				DEBUG_INFORMATION_FORMAT = "dwarf-with-dsym";
				ENABLE_NS_ASSERTIONS = NO;
				ENABLE_STRICT_OBJC_MSGSEND = YES;
				GCC_C_LANGUAGE_STANDARD = gnu99;
				GCC_NO_COMMON_BLOCKS = YES;
				GCC_WARN_64_TO_32_BIT_CONVERSION = YES;
				GCC_WARN_ABOUT_RETURN_TYPE = YES_ERROR;
				GCC_WARN_UNDECLARED_SELECTOR = YES;
				GCC_WARN_UNINITIALIZED_AUTOS = YES_AGGRESSIVE;
				GCC_WARN_UNUSED_FUNCTION = YES;
				GCC_WARN_UNUSED_VARIABLE = YES;
				IPHONEOS_DEPLOYMENT_TARGET = 7.0;
				MTL_ENABLE_DEBUG_INFO = NO;
				SDKROOT = iphoneos;
				VALIDATE_PRODUCT = YES;
			};
			name = Release;
		};
		F70B01C01C7232FC00D46D79 /* Debug */ = {
			isa = XCBuildConfiguration;
			buildSettings = {
				ASSETCATALOG_COMPILER_APPICON_NAME = AppIcon;
				ASSETCATALOG_COMPILER_LAUNCHIMAGE_NAME = LaunchImage;
				CODE_SIGN_IDENTITY = "iPhone Developer";
				INFOPLIST_FILE = Foundation/Info.plist;
				LD_RUNPATH_SEARCH_PATHS = "$(inherited) @executable_path/Frameworks";
				PRODUCT_NAME = "$(TARGET_NAME)";
			};
			name = Debug;
		};
		F70B01C11C7232FC00D46D79 /* Release */ = {
			isa = XCBuildConfiguration;
			buildSettings = {
				ASSETCATALOG_COMPILER_APPICON_NAME = AppIcon;
				ASSETCATALOG_COMPILER_LAUNCHIMAGE_NAME = LaunchImage;
				CODE_SIGN_IDENTITY = "iPhone Developer";
				INFOPLIST_FILE = Foundation/Info.plist;
				LD_RUNPATH_SEARCH_PATHS = "$(inherited) @executable_path/Frameworks";
				PRODUCT_NAME = "$(TARGET_NAME)";
				PROVISIONING_PROFILE = "8e7c795f-c3a8-487b-aaa2-89fb80843ed1";
			};
			name = Release;
		};
		F70B01C31C7232FC00D46D79 /* Debug */ = {
			isa = XCBuildConfiguration;
			buildSettings = {
				BUNDLE_LOADER = "$(TEST_HOST)";
				FRAMEWORK_SEARCH_PATHS = (
					"$(SDKROOT)/Developer/Library/Frameworks",
					"$(inherited)",
				);
				GCC_PREPROCESSOR_DEFINITIONS = (
					"DEBUG=1",
					"$(inherited)",
				);
				INFOPLIST_FILE = FoundationTests/Info.plist;
				LD_RUNPATH_SEARCH_PATHS = "$(inherited) @executable_path/Frameworks @loader_path/Frameworks";
				PRODUCT_NAME = "$(TARGET_NAME)";
				TEST_HOST = "$(BUILT_PRODUCTS_DIR)/Foundation.app/Foundation";
			};
			name = Debug;
		};
		F70B01C41C7232FC00D46D79 /* Release */ = {
			isa = XCBuildConfiguration;
			buildSettings = {
				BUNDLE_LOADER = "$(TEST_HOST)";
				FRAMEWORK_SEARCH_PATHS = (
					"$(SDKROOT)/Developer/Library/Frameworks",
					"$(inherited)",
				);
				INFOPLIST_FILE = FoundationTests/Info.plist;
				LD_RUNPATH_SEARCH_PATHS = "$(inherited) @executable_path/Frameworks @loader_path/Frameworks";
				PRODUCT_NAME = "$(TARGET_NAME)";
				TEST_HOST = "$(BUILT_PRODUCTS_DIR)/Foundation.app/Foundation";
			};
			name = Release;
		};
		FDE26AAC1C9A5369003418D5 /* ad hoc */ = {
			isa = XCBuildConfiguration;
			buildSettings = {
				ALWAYS_SEARCH_USER_PATHS = NO;
				CLANG_CXX_LANGUAGE_STANDARD = "gnu++0x";
				CLANG_CXX_LIBRARY = "libc++";
				CLANG_ENABLE_MODULES = YES;
				CLANG_ENABLE_OBJC_ARC = YES;
				CLANG_WARN_BOOL_CONVERSION = YES;
				CLANG_WARN_CONSTANT_CONVERSION = YES;
				CLANG_WARN_DIRECT_OBJC_ISA_USAGE = YES_ERROR;
				CLANG_WARN_EMPTY_BODY = YES;
				CLANG_WARN_ENUM_CONVERSION = YES;
				CLANG_WARN_INT_CONVERSION = YES;
				CLANG_WARN_OBJC_ROOT_CLASS = YES_ERROR;
				CLANG_WARN_UNREACHABLE_CODE = YES;
				CLANG_WARN__DUPLICATE_METHOD_MATCH = YES;
				"CODE_SIGN_IDENTITY[sdk=iphoneos*]" = "iPhone Developer";
				COPY_PHASE_STRIP = NO;
				DEBUG_INFORMATION_FORMAT = "dwarf-with-dsym";
				ENABLE_NS_ASSERTIONS = NO;
				ENABLE_STRICT_OBJC_MSGSEND = YES;
				GCC_C_LANGUAGE_STANDARD = gnu99;
				GCC_NO_COMMON_BLOCKS = YES;
				GCC_WARN_64_TO_32_BIT_CONVERSION = YES;
				GCC_WARN_ABOUT_RETURN_TYPE = YES_ERROR;
				GCC_WARN_UNDECLARED_SELECTOR = YES;
				GCC_WARN_UNINITIALIZED_AUTOS = YES_AGGRESSIVE;
				GCC_WARN_UNUSED_FUNCTION = YES;
				GCC_WARN_UNUSED_VARIABLE = YES;
				IPHONEOS_DEPLOYMENT_TARGET = 7.0;
				MTL_ENABLE_DEBUG_INFO = NO;
				SDKROOT = iphoneos;
				VALIDATE_PRODUCT = YES;
			};
			name = "ad hoc";
		};
		FDE26AAD1C9A5369003418D5 /* ad hoc */ = {
			isa = XCBuildConfiguration;
			buildSettings = {
				ASSETCATALOG_COMPILER_APPICON_NAME = AppIcon;
				ASSETCATALOG_COMPILER_LAUNCHIMAGE_NAME = LaunchImage;
				CODE_SIGN_IDENTITY = "iPhone Developer";
				INFOPLIST_FILE = Foundation/Info.plist;
				LD_RUNPATH_SEARCH_PATHS = "$(inherited) @executable_path/Frameworks";
				PRODUCT_NAME = "$(TARGET_NAME)";
				PROVISIONING_PROFILE = "6e8ccfd8-0c33-4255-a782-88086e64ea0c";
			};
			name = "ad hoc";
		};
		FDE26AAE1C9A5369003418D5 /* ad hoc */ = {
			isa = XCBuildConfiguration;
			buildSettings = {
				BUNDLE_LOADER = "$(TEST_HOST)";
				FRAMEWORK_SEARCH_PATHS = (
					"$(SDKROOT)/Developer/Library/Frameworks",
					"$(inherited)",
				);
				INFOPLIST_FILE = FoundationTests/Info.plist;
				LD_RUNPATH_SEARCH_PATHS = "$(inherited) @executable_path/Frameworks @loader_path/Frameworks";
				PRODUCT_NAME = "$(TARGET_NAME)";
				TEST_HOST = "$(BUILT_PRODUCTS_DIR)/Foundation.app/Foundation";
			};
			name = "ad hoc";
		};
/* End XCBuildConfiguration section */

/* Begin XCConfigurationList section */
		F70B01971C7232FC00D46D79 /* Build configuration list for PBXProject "Foundation" */ = {
			isa = XCConfigurationList;
			buildConfigurations = (
				F70B01BD1C7232FC00D46D79 /* Debug */,
				F70B01BE1C7232FC00D46D79 /* Release */,
				FDE26AAC1C9A5369003418D5 /* ad hoc */,
			);
			defaultConfigurationIsVisible = 0;
			defaultConfigurationName = Release;
		};
		F70B01BF1C7232FC00D46D79 /* Build configuration list for PBXNativeTarget "Foundation" */ = {
			isa = XCConfigurationList;
			buildConfigurations = (
				F70B01C01C7232FC00D46D79 /* Debug */,
				F70B01C11C7232FC00D46D79 /* Release */,
				FDE26AAD1C9A5369003418D5 /* ad hoc */,
			);
			defaultConfigurationIsVisible = 0;
			defaultConfigurationName = Release;
		};
		F70B01C21C7232FC00D46D79 /* Build configuration list for PBXNativeTarget "FoundationTests" */ = {
			isa = XCConfigurationList;
			buildConfigurations = (
				F70B01C31C7232FC00D46D79 /* Debug */,
				F70B01C41C7232FC00D46D79 /* Release */,
				FDE26AAE1C9A5369003418D5 /* ad hoc */,
			);
			defaultConfigurationIsVisible = 0;
			defaultConfigurationName = Release;
		};
/* End XCConfigurationList section */
	};
	rootObject = F70B01941C7232FC00D46D79 /* Project object */;
}
